// !$*UTF8*$!
{
	archiveVersion = 1;
	classes = {
	};
	objectVersion = 46;
	objects = {

/* Begin PBXBuildFile section */
		4916D8561DBEF02700FAFB68 /* ElWatchViewController.m in Sources */ = {isa = PBXBuildFile; fileRef = 4916D8541DBEF02700FAFB68 /* ElWatchViewController.m */; };
		492709CA1DB9C4B000D6F550 /* ElHotCollectionViewCell.m in Sources */ = {isa = PBXBuildFile; fileRef = 492709C91DB9C4B000D6F550 /* ElHotCollectionViewCell.m */; };
		492709CD1DB9C60D00D6F550 /* ElHotCarouselView.m in Sources */ = {isa = PBXBuildFile; fileRef = 492709CC1DB9C60D00D6F550 /* ElHotCarouselView.m */; };
		4938CA351DC08F7900EFE602 /* ElConfiguration.m in Sources */ = {isa = PBXBuildFile; fileRef = 4938CA341DC08F7900EFE602 /* ElConfiguration.m */; };
		4938CA381DC08F9800EFE602 /* ElLiveSession.m in Sources */ = {isa = PBXBuildFile; fileRef = 4938CA371DC08F9800EFE602 /* ElLiveSession.m */; };
		4938CA3B1DC0902E00EFE602 /* ElLiveRequest.m in Sources */ = {isa = PBXBuildFile; fileRef = 4938CA3A1DC0902E00EFE602 /* ElLiveRequest.m */; };
		493907501DB8EED400F06D40 /* ElHotTableViewCell.m in Sources */ = {isa = PBXBuildFile; fileRef = 4939074E1DB8EED400F06D40 /* ElHotTableViewCell.m */; };
		493907511DB8EED400F06D40 /* ElHotTableViewCell.xib in Resources */ = {isa = PBXBuildFile; fileRef = 4939074F1DB8EED400F06D40 /* ElHotTableViewCell.xib */; };
		493907551DB8EEF000F06D40 /* ElNewCollectionViewCell.m in Sources */ = {isa = PBXBuildFile; fileRef = 493907531DB8EEF000F06D40 /* ElNewCollectionViewCell.m */; };
		493907561DB8EEF000F06D40 /* ElNewCollectionViewCell.xib in Resources */ = {isa = PBXBuildFile; fileRef = 493907541DB8EEF000F06D40 /* ElNewCollectionViewCell.xib */; };
		496085EB1DBDEEB6007CD041 /* IJKMediaFramework.framework in Frameworks */ = {isa = PBXBuildFile; fileRef = 496085E51DBDEEB6007CD041 /* IJKMediaFramework.framework */; };
		496085EE1DBDEEB6007CD041 /* IJKMediaFramework.framework in Frameworks */ = {isa = PBXBuildFile; fileRef = 496085E91DBDEEB6007CD041 /* IJKMediaFramework.framework */; };
		496AB0081DC1927E00995823 /* ElLivingTopView.m in Sources */ = {isa = PBXBuildFile; fileRef = 496AB0071DC1927E00995823 /* ElLivingTopView.m */; };
		496AB00C1DC19A9F00995823 /* ElLivingTopView.xib in Resources */ = {isa = PBXBuildFile; fileRef = 496AB00B1DC19A9F00995823 /* ElLivingTopView.xib */; };
		496AB00F1DC1B29400995823 /* ElLivingBottomToolView.m in Sources */ = {isa = PBXBuildFile; fileRef = 496AB00E1DC1B29400995823 /* ElLivingBottomToolView.m */; };
		496AB0111DC1B31400995823 /* ElLivingBottomToolView.xib in Resources */ = {isa = PBXBuildFile; fileRef = 496AB0101DC1B31400995823 /* ElLivingBottomToolView.xib */; };
		498A10461DB8F233003F86B8 /* ElTopView.m in Sources */ = {isa = PBXBuildFile; fileRef = 498A10451DB8F233003F86B8 /* ElTopView.m */; };
		498A10491DB8F25B003F86B8 /* ElListViewController.m in Sources */ = {isa = PBXBuildFile; fileRef = 498A10481DB8F25B003F86B8 /* ElListViewController.m */; };
		499FBE241DB786CE0015CC1D /* main.m in Sources */ = {isa = PBXBuildFile; fileRef = 499FBE231DB786CE0015CC1D /* main.m */; };
		499FBE271DB786CE0015CC1D /* AppDelegate.m in Sources */ = {isa = PBXBuildFile; fileRef = 499FBE261DB786CE0015CC1D /* AppDelegate.m */; };
		499FBE2A1DB786CE0015CC1D /* ViewController.m in Sources */ = {isa = PBXBuildFile; fileRef = 499FBE291DB786CE0015CC1D /* ViewController.m */; };
		499FBE2D1DB786CE0015CC1D /* Main.storyboard in Resources */ = {isa = PBXBuildFile; fileRef = 499FBE2B1DB786CE0015CC1D /* Main.storyboard */; };
		499FBE2F1DB786CE0015CC1D /* Assets.xcassets in Resources */ = {isa = PBXBuildFile; fileRef = 499FBE2E1DB786CE0015CC1D /* Assets.xcassets */; };
		499FBE321DB786CE0015CC1D /* LaunchScreen.storyboard in Resources */ = {isa = PBXBuildFile; fileRef = 499FBE301DB786CE0015CC1D /* LaunchScreen.storyboard */; };
		49B1EE3F1DB9B8EF005C8B17 /* ElTabBar.m in Sources */ = {isa = PBXBuildFile; fileRef = 49B1EE3E1DB9B8EF005C8B17 /* ElTabBar.m */; };
		49CA5A3A1DC03AAC005F2172 /* ElEndViewController.m in Sources */ = {isa = PBXBuildFile; fileRef = 49CA5A391DC03AAC005F2172 /* ElEndViewController.m */; };
		49E759981DB8EE3100BDCB3C /* ElNormalListTableViewCell.m in Sources */ = {isa = PBXBuildFile; fileRef = 49E759971DB8EE3100BDCB3C /* ElNormalListTableViewCell.m */; };
		49E7599B1DB8EE5100BDCB3C /* ElPersonViewController.m in Sources */ = {isa = PBXBuildFile; fileRef = 49E7599A1DB8EE5100BDCB3C /* ElPersonViewController.m */; };
		49E7599E1DB8EE8800BDCB3C /* ElPersonHeaderView.m in Sources */ = {isa = PBXBuildFile; fileRef = 49E7599D1DB8EE8800BDCB3C /* ElPersonHeaderView.m */; };
		49F2C9591DB99F9E000589A7 /* ElPersonTableViewCell.m in Sources */ = {isa = PBXBuildFile; fileRef = 49F2C9571DB99F9E000589A7 /* ElPersonTableViewCell.m */; };
		49F2C95A1DB99F9E000589A7 /* ElPersonTableViewCell.xib in Resources */ = {isa = PBXBuildFile; fileRef = 49F2C9581DB99F9E000589A7 /* ElPersonTableViewCell.xib */; };
		49F2C95E1DB9AAED000589A7 /* ElPersonCharmTableViewCell.m in Sources */ = {isa = PBXBuildFile; fileRef = 49F2C95C1DB9AAED000589A7 /* ElPersonCharmTableViewCell.m */; };
		49F2C95F1DB9AAED000589A7 /* ElPersonCharmTableViewCell.xib in Resources */ = {isa = PBXBuildFile; fileRef = 49F2C95D1DB9AAED000589A7 /* ElPersonCharmTableViewCell.xib */; };
		49F2C9761DB9B0A4000589A7 /* ElGiftViewController.m in Sources */ = {isa = PBXBuildFile; fileRef = 49F2C9751DB9B0A4000589A7 /* ElGiftViewController.m */; };
		49F2C9791DB9B0B2000589A7 /* ElAlbumViewController.m in Sources */ = {isa = PBXBuildFile; fileRef = 49F2C9781DB9B0B2000589A7 /* ElAlbumViewController.m */; };
		49F2C97C1DB9B0BF000589A7 /* ElSettingViewController.m in Sources */ = {isa = PBXBuildFile; fileRef = 49F2C97B1DB9B0BF000589A7 /* ElSettingViewController.m */; };
		49F2C97F1DB9B0CA000589A7 /* ElManageViewController.m in Sources */ = {isa = PBXBuildFile; fileRef = 49F2C97E1DB9B0CA000589A7 /* ElManageViewController.m */; };
		49FE39781DB790E600FD8A99 /* libz.tbd in Frameworks */ = {isa = PBXBuildFile; fileRef = 49FE39771DB790E600FD8A99 /* libz.tbd */; };
		49FE397A1DB790F300FD8A99 /* VideoToolbox.framework in Frameworks */ = {isa = PBXBuildFile; fileRef = 49FE39791DB790F300FD8A99 /* VideoToolbox.framework */; };
		49FE397C1DB790FD00FD8A99 /* AudioToolbox.framework in Frameworks */ = {isa = PBXBuildFile; fileRef = 49FE397B1DB790FD00FD8A99 /* AudioToolbox.framework */; };
		49FE397E1DB7911200FD8A99 /* libstdc++.tbd in Frameworks */ = {isa = PBXBuildFile; fileRef = 49FE397D1DB7911200FD8A99 /* libstdc++.tbd */; };
		49FE39801DB7912100FD8A99 /* SystemConfiguration.framework in Frameworks */ = {isa = PBXBuildFile; fileRef = 49FE397F1DB7912100FD8A99 /* SystemConfiguration.framework */; };
		49FE39821DB7912F00FD8A99 /* CoreTelephony.framework in Frameworks */ = {isa = PBXBuildFile; fileRef = 49FE39811DB7912F00FD8A99 /* CoreTelephony.framework */; };
		49FE398B1DB797C100FD8A99 /* ElBaseModel.m in Sources */ = {isa = PBXBuildFile; fileRef = 49FE398A1DB797C100FD8A99 /* ElBaseModel.m */; };
		49FE398E1DB797D500FD8A99 /* ElBaseView.m in Sources */ = {isa = PBXBuildFile; fileRef = 49FE398D1DB797D500FD8A99 /* ElBaseView.m */; };
		49FE39911DB797E500FD8A99 /* ElBaseViewController.m in Sources */ = {isa = PBXBuildFile; fileRef = 49FE39901DB797E500FD8A99 /* ElBaseViewController.m */; };
		49FE39BC1DB79A4C00FD8A99 /* NSArray+Categories.m in Sources */ = {isa = PBXBuildFile; fileRef = 49FE39961DB79A4C00FD8A99 /* NSArray+Categories.m */; };
		49FE39BD1DB79A4C00FD8A99 /* NSDate+Categories.m in Sources */ = {isa = PBXBuildFile; fileRef = 49FE39981DB79A4C00FD8A99 /* NSDate+Categories.m */; };
		49FE39BE1DB79A4C00FD8A99 /* NSDate+EasyExtend.mm in Sources */ = {isa = PBXBuildFile; fileRef = 49FE399A1DB79A4C00FD8A99 /* NSDate+EasyExtend.mm */; };
		49FE39BF1DB79A4C00FD8A99 /* NSDictionary+Categories.m in Sources */ = {isa = PBXBuildFile; fileRef = 49FE399C1DB79A4C00FD8A99 /* NSDictionary+Categories.m */; };
		49FE39C01DB79A4C00FD8A99 /* NSNumber+Extend.m in Sources */ = {isa = PBXBuildFile; fileRef = 49FE399E1DB79A4C00FD8A99 /* NSNumber+Extend.m */; };
		49FE39C11DB79A4C00FD8A99 /* NSString+Categories.m in Sources */ = {isa = PBXBuildFile; fileRef = 49FE39A01DB79A4C00FD8A99 /* NSString+Categories.m */; };
		49FE39C21DB79A4C00FD8A99 /* NSString+Regex.m in Sources */ = {isa = PBXBuildFile; fileRef = 49FE39A21DB79A4C00FD8A99 /* NSString+Regex.m */; };
		49FE39C31DB79A4C00FD8A99 /* NSUserDefaults+Categories.m in Sources */ = {isa = PBXBuildFile; fileRef = 49FE39A41DB79A4C00FD8A99 /* NSUserDefaults+Categories.m */; };
		49FE39C41DB79A4C00FD8A99 /* UIButton+Block.m in Sources */ = {isa = PBXBuildFile; fileRef = 49FE39A61DB79A4C00FD8A99 /* UIButton+Block.m */; };
		49FE39C51DB79A4C00FD8A99 /* UIColor+Categories.m in Sources */ = {isa = PBXBuildFile; fileRef = 49FE39A81DB79A4C00FD8A99 /* UIColor+Categories.m */; };
		49FE39C61DB79A4C00FD8A99 /* UIImage+Categories.m in Sources */ = {isa = PBXBuildFile; fileRef = 49FE39AA1DB79A4C00FD8A99 /* UIImage+Categories.m */; };
		49FE39C71DB79A4C00FD8A99 /* UIView+Frame.m in Sources */ = {isa = PBXBuildFile; fileRef = 49FE39AC1DB79A4C00FD8A99 /* UIView+Frame.m */; };
		49FE39C81DB79A4C00FD8A99 /* DataBaseManager.m in Sources */ = {isa = PBXBuildFile; fileRef = 49FE39AF1DB79A4C00FD8A99 /* DataBaseManager.m */; };
		49FE39C91DB79A4C00FD8A99 /* HttpClient.m in Sources */ = {isa = PBXBuildFile; fileRef = 49FE39B31DB79A4C00FD8A99 /* HttpClient.m */; };
		49FE39CA1DB79A4C00FD8A99 /* AppStoreUtils.m in Sources */ = {isa = PBXBuildFile; fileRef = 49FE39B61DB79A4C00FD8A99 /* AppStoreUtils.m */; };
		49FE39CB1DB79A4C00FD8A99 /* FileManagerUtils.m in Sources */ = {isa = PBXBuildFile; fileRef = 49FE39B81DB79A4C00FD8A99 /* FileManagerUtils.m */; };
		49FE39CC1DB79A4C00FD8A99 /* NSUserDefaultsUtils.m in Sources */ = {isa = PBXBuildFile; fileRef = 49FE39BA1DB79A4C00FD8A99 /* NSUserDefaultsUtils.m */; };
		49FE39D21DB79B7200FD8A99 /* AboutMe.text in Sources */ = {isa = PBXBuildFile; fileRef = 49FE39D11DB79B7200FD8A99 /* AboutMe.text */; };
		49FE3A091DB79EBD00FD8A99 /* ElHomeTabBarController.m in Sources */ = {isa = PBXBuildFile; fileRef = 49FE3A081DB79EBD00FD8A99 /* ElHomeTabBarController.m */; };
		49FE3A171DB7A1FE00FD8A99 /* ElHomePageViewController.m in Sources */ = {isa = PBXBuildFile; fileRef = 49FE3A161DB7A1FE00FD8A99 /* ElHomePageViewController.m */; };
		49FE3A1A1DB7A27A00FD8A99 /* ElLiveViewController.m in Sources */ = {isa = PBXBuildFile; fileRef = 49FE3A191DB7A27A00FD8A99 /* ElLiveViewController.m */; };
		49FE3A241DB7A7D400FD8A99 /* QPLive.framework in Frameworks */ = {isa = PBXBuildFile; fileRef = 49FE3A231DB7A7D400FD8A99 /* QPLive.framework */; };
		49FE87211DB8BDB7000092C2 /* ElHotViewController.m in Sources */ = {isa = PBXBuildFile; fileRef = 49FE87201DB8BDB7000092C2 /* ElHotViewController.m */; };
		49FE87241DB8BDD2000092C2 /* ElNewViewController.m in Sources */ = {isa = PBXBuildFile; fileRef = 49FE87231DB8BDD2000092C2 /* ElNewViewController.m */; };
		49FE87271DB8DA6E000092C2 /* ElSearchViewController.m in Sources */ = {isa = PBXBuildFile; fileRef = 49FE87261DB8DA6E000092C2 /* ElSearchViewController.m */; };
		73E262811E273442D85341C1 /* Pods_ElephantLiving.framework in Frameworks */ = {isa = PBXBuildFile; fileRef = 72C3B4E93879647ED95BB357 /* Pods_ElephantLiving.framework */; };
		EB3347A11DC08D4D00AB0D18 /* ElStartLiving.m in Sources */ = {isa = PBXBuildFile; fileRef = EB3347A01DC08D4D00AB0D18 /* ElStartLiving.m */; };
		EB70D63A1DBA06A1009D9E34 /* ElAlbumCollectionViewCell.m in Sources */ = {isa = PBXBuildFile; fileRef = EB70D6391DBA06A1009D9E34 /* ElAlbumCollectionViewCell.m */; };
		EB70D63D1DBA0756009D9E34 /* ElGiftTableViewCell.m in Sources */ = {isa = PBXBuildFile; fileRef = EB70D63C1DBA0756009D9E34 /* ElGiftTableViewCell.m */; };
		EB99EAF61DC0506000621EF3 /* IJKMediaFramework.framework in Frameworks */ = {isa = PBXBuildFile; fileRef = EB99EAF11DC0506000621EF3 /* IJKMediaFramework.framework */; };
		EB99EAF81DC0506000621EF3 /* README.md in Sources */ = {isa = PBXBuildFile; fileRef = EB99EAF31DC0506000621EF3 /* README.md */; };
		EB99EAF91DC0506000621EF3 /* IJKMediaFramework.framework in Frameworks */ = {isa = PBXBuildFile; fileRef = EB99EAF51DC0506000621EF3 /* IJKMediaFramework.framework */; };
/* End PBXBuildFile section */

/* Begin PBXFileReference section */
		4916D8531DBEF02700FAFB68 /* ElWatchViewController.h */ = {isa = PBXFileReference; fileEncoding = 4; lastKnownFileType = sourcecode.c.h; path = ElWatchViewController.h; sourceTree = "<group>"; };
		4916D8541DBEF02700FAFB68 /* ElWatchViewController.m */ = {isa = PBXFileReference; fileEncoding = 4; lastKnownFileType = sourcecode.c.objc; path = ElWatchViewController.m; sourceTree = "<group>"; };
		492709C81DB9C4B000D6F550 /* ElHotCollectionViewCell.h */ = {isa = PBXFileReference; fileEncoding = 4; lastKnownFileType = sourcecode.c.h; path = ElHotCollectionViewCell.h; sourceTree = "<group>"; };
		492709C91DB9C4B000D6F550 /* ElHotCollectionViewCell.m */ = {isa = PBXFileReference; fileEncoding = 4; lastKnownFileType = sourcecode.c.objc; path = ElHotCollectionViewCell.m; sourceTree = "<group>"; };
		492709CB1DB9C60D00D6F550 /* ElHotCarouselView.h */ = {isa = PBXFileReference; fileEncoding = 4; lastKnownFileType = sourcecode.c.h; path = ElHotCarouselView.h; sourceTree = "<group>"; };
		492709CC1DB9C60D00D6F550 /* ElHotCarouselView.m */ = {isa = PBXFileReference; fileEncoding = 4; lastKnownFileType = sourcecode.c.objc; path = ElHotCarouselView.m; sourceTree = "<group>"; };
		4938CA331DC08F7900EFE602 /* ElConfiguration.h */ = {isa = PBXFileReference; fileEncoding = 4; lastKnownFileType = sourcecode.c.h; path = ElConfiguration.h; sourceTree = "<group>"; };
		4938CA341DC08F7900EFE602 /* ElConfiguration.m */ = {isa = PBXFileReference; fileEncoding = 4; lastKnownFileType = sourcecode.c.objc; path = ElConfiguration.m; sourceTree = "<group>"; };
		4938CA361DC08F9800EFE602 /* ElLiveSession.h */ = {isa = PBXFileReference; fileEncoding = 4; lastKnownFileType = sourcecode.c.h; path = ElLiveSession.h; sourceTree = "<group>"; };
		4938CA371DC08F9800EFE602 /* ElLiveSession.m */ = {isa = PBXFileReference; fileEncoding = 4; lastKnownFileType = sourcecode.c.objc; path = ElLiveSession.m; sourceTree = "<group>"; };
		4938CA391DC0902E00EFE602 /* ElLiveRequest.h */ = {isa = PBXFileReference; fileEncoding = 4; lastKnownFileType = sourcecode.c.h; path = ElLiveRequest.h; sourceTree = "<group>"; };
		4938CA3A1DC0902E00EFE602 /* ElLiveRequest.m */ = {isa = PBXFileReference; fileEncoding = 4; lastKnownFileType = sourcecode.c.objc; path = ElLiveRequest.m; sourceTree = "<group>"; };
		4939074D1DB8EED400F06D40 /* ElHotTableViewCell.h */ = {isa = PBXFileReference; fileEncoding = 4; lastKnownFileType = sourcecode.c.h; path = ElHotTableViewCell.h; sourceTree = "<group>"; };
		4939074E1DB8EED400F06D40 /* ElHotTableViewCell.m */ = {isa = PBXFileReference; fileEncoding = 4; lastKnownFileType = sourcecode.c.objc; path = ElHotTableViewCell.m; sourceTree = "<group>"; };
		4939074F1DB8EED400F06D40 /* ElHotTableViewCell.xib */ = {isa = PBXFileReference; fileEncoding = 4; lastKnownFileType = file.xib; path = ElHotTableViewCell.xib; sourceTree = "<group>"; };
		493907521DB8EEF000F06D40 /* ElNewCollectionViewCell.h */ = {isa = PBXFileReference; fileEncoding = 4; lastKnownFileType = sourcecode.c.h; path = ElNewCollectionViewCell.h; sourceTree = "<group>"; };
		493907531DB8EEF000F06D40 /* ElNewCollectionViewCell.m */ = {isa = PBXFileReference; fileEncoding = 4; lastKnownFileType = sourcecode.c.objc; path = ElNewCollectionViewCell.m; sourceTree = "<group>"; };
		493907541DB8EEF000F06D40 /* ElNewCollectionViewCell.xib */ = {isa = PBXFileReference; fileEncoding = 4; lastKnownFileType = file.xib; path = ElNewCollectionViewCell.xib; sourceTree = "<group>"; };
		496085E51DBDEEB6007CD041 /* IJKMediaFramework.framework */ = {isa = PBXFileReference; lastKnownFileType = wrapper.framework; path = IJKMediaFramework.framework; sourceTree = "<group>"; };
		496085E91DBDEEB6007CD041 /* IJKMediaFramework.framework */ = {isa = PBXFileReference; lastKnownFileType = wrapper.framework; path = IJKMediaFramework.framework; sourceTree = "<group>"; };
		496AB0061DC1927E00995823 /* ElLivingTopView.h */ = {isa = PBXFileReference; fileEncoding = 4; lastKnownFileType = sourcecode.c.h; path = ElLivingTopView.h; sourceTree = "<group>"; };
		496AB0071DC1927E00995823 /* ElLivingTopView.m */ = {isa = PBXFileReference; fileEncoding = 4; lastKnownFileType = sourcecode.c.objc; path = ElLivingTopView.m; sourceTree = "<group>"; };
		496AB00B1DC19A9F00995823 /* ElLivingTopView.xib */ = {isa = PBXFileReference; fileEncoding = 4; lastKnownFileType = file.xib; path = ElLivingTopView.xib; sourceTree = "<group>"; };
		496AB00D1DC1B29400995823 /* ElLivingBottomToolView.h */ = {isa = PBXFileReference; fileEncoding = 4; lastKnownFileType = sourcecode.c.h; path = ElLivingBottomToolView.h; sourceTree = "<group>"; };
		496AB00E1DC1B29400995823 /* ElLivingBottomToolView.m */ = {isa = PBXFileReference; fileEncoding = 4; lastKnownFileType = sourcecode.c.objc; path = ElLivingBottomToolView.m; sourceTree = "<group>"; };
		496AB0101DC1B31400995823 /* ElLivingBottomToolView.xib */ = {isa = PBXFileReference; fileEncoding = 4; lastKnownFileType = file.xib; path = ElLivingBottomToolView.xib; sourceTree = "<group>"; };
		498A10441DB8F233003F86B8 /* ElTopView.h */ = {isa = PBXFileReference; fileEncoding = 4; lastKnownFileType = sourcecode.c.h; path = ElTopView.h; sourceTree = "<group>"; };
		498A10451DB8F233003F86B8 /* ElTopView.m */ = {isa = PBXFileReference; fileEncoding = 4; lastKnownFileType = sourcecode.c.objc; path = ElTopView.m; sourceTree = "<group>"; };
		498A10471DB8F25B003F86B8 /* ElListViewController.h */ = {isa = PBXFileReference; fileEncoding = 4; lastKnownFileType = sourcecode.c.h; path = ElListViewController.h; sourceTree = "<group>"; };
		498A10481DB8F25B003F86B8 /* ElListViewController.m */ = {isa = PBXFileReference; fileEncoding = 4; lastKnownFileType = sourcecode.c.objc; path = ElListViewController.m; sourceTree = "<group>"; };
		499FBE1F1DB786CE0015CC1D /* ElephantLiving.app */ = {isa = PBXFileReference; explicitFileType = wrapper.application; includeInIndex = 0; path = ElephantLiving.app; sourceTree = BUILT_PRODUCTS_DIR; };
		499FBE231DB786CE0015CC1D /* main.m */ = {isa = PBXFileReference; lastKnownFileType = sourcecode.c.objc; path = main.m; sourceTree = "<group>"; };
		499FBE251DB786CE0015CC1D /* AppDelegate.h */ = {isa = PBXFileReference; lastKnownFileType = sourcecode.c.h; path = AppDelegate.h; sourceTree = "<group>"; };
		499FBE261DB786CE0015CC1D /* AppDelegate.m */ = {isa = PBXFileReference; lastKnownFileType = sourcecode.c.objc; path = AppDelegate.m; sourceTree = "<group>"; };
		499FBE281DB786CE0015CC1D /* ViewController.h */ = {isa = PBXFileReference; lastKnownFileType = sourcecode.c.h; path = ViewController.h; sourceTree = "<group>"; };
		499FBE291DB786CE0015CC1D /* ViewController.m */ = {isa = PBXFileReference; lastKnownFileType = sourcecode.c.objc; path = ViewController.m; sourceTree = "<group>"; };
		499FBE2C1DB786CE0015CC1D /* Base */ = {isa = PBXFileReference; lastKnownFileType = file.storyboard; name = Base; path = Base.lproj/Main.storyboard; sourceTree = "<group>"; };
		499FBE2E1DB786CE0015CC1D /* Assets.xcassets */ = {isa = PBXFileReference; lastKnownFileType = folder.assetcatalog; path = Assets.xcassets; sourceTree = "<group>"; };
		499FBE311DB786CE0015CC1D /* Base */ = {isa = PBXFileReference; lastKnownFileType = file.storyboard; name = Base; path = Base.lproj/LaunchScreen.storyboard; sourceTree = "<group>"; };
		499FBE331DB786CE0015CC1D /* Info.plist */ = {isa = PBXFileReference; lastKnownFileType = text.plist.xml; path = Info.plist; sourceTree = "<group>"; };
		49B1EE3D1DB9B8EF005C8B17 /* ElTabBar.h */ = {isa = PBXFileReference; fileEncoding = 4; lastKnownFileType = sourcecode.c.h; path = ElTabBar.h; sourceTree = "<group>"; };
		49B1EE3E1DB9B8EF005C8B17 /* ElTabBar.m */ = {isa = PBXFileReference; fileEncoding = 4; lastKnownFileType = sourcecode.c.objc; path = ElTabBar.m; sourceTree = "<group>"; };
		49CA5A381DC03AAC005F2172 /* ElEndViewController.h */ = {isa = PBXFileReference; fileEncoding = 4; lastKnownFileType = sourcecode.c.h; path = ElEndViewController.h; sourceTree = "<group>"; };
		49CA5A391DC03AAC005F2172 /* ElEndViewController.m */ = {isa = PBXFileReference; fileEncoding = 4; lastKnownFileType = sourcecode.c.objc; path = ElEndViewController.m; sourceTree = "<group>"; };
		49E759961DB8EE3100BDCB3C /* ElNormalListTableViewCell.h */ = {isa = PBXFileReference; fileEncoding = 4; lastKnownFileType = sourcecode.c.h; path = ElNormalListTableViewCell.h; sourceTree = "<group>"; };
		49E759971DB8EE3100BDCB3C /* ElNormalListTableViewCell.m */ = {isa = PBXFileReference; fileEncoding = 4; lastKnownFileType = sourcecode.c.objc; path = ElNormalListTableViewCell.m; sourceTree = "<group>"; };
		49E759991DB8EE5100BDCB3C /* ElPersonViewController.h */ = {isa = PBXFileReference; fileEncoding = 4; lastKnownFileType = sourcecode.c.h; path = ElPersonViewController.h; sourceTree = "<group>"; };
		49E7599A1DB8EE5100BDCB3C /* ElPersonViewController.m */ = {isa = PBXFileReference; fileEncoding = 4; lastKnownFileType = sourcecode.c.objc; path = ElPersonViewController.m; sourceTree = "<group>"; };
		49E7599C1DB8EE8800BDCB3C /* ElPersonHeaderView.h */ = {isa = PBXFileReference; fileEncoding = 4; lastKnownFileType = sourcecode.c.h; path = ElPersonHeaderView.h; sourceTree = "<group>"; };
		49E7599D1DB8EE8800BDCB3C /* ElPersonHeaderView.m */ = {isa = PBXFileReference; fileEncoding = 4; lastKnownFileType = sourcecode.c.objc; path = ElPersonHeaderView.m; sourceTree = "<group>"; };
		49F2C9561DB99F9E000589A7 /* ElPersonTableViewCell.h */ = {isa = PBXFileReference; fileEncoding = 4; lastKnownFileType = sourcecode.c.h; path = ElPersonTableViewCell.h; sourceTree = "<group>"; };
		49F2C9571DB99F9E000589A7 /* ElPersonTableViewCell.m */ = {isa = PBXFileReference; fileEncoding = 4; lastKnownFileType = sourcecode.c.objc; path = ElPersonTableViewCell.m; sourceTree = "<group>"; };
		49F2C9581DB99F9E000589A7 /* ElPersonTableViewCell.xib */ = {isa = PBXFileReference; fileEncoding = 4; lastKnownFileType = file.xib; path = ElPersonTableViewCell.xib; sourceTree = "<group>"; };
		49F2C95B1DB9AAED000589A7 /* ElPersonCharmTableViewCell.h */ = {isa = PBXFileReference; fileEncoding = 4; lastKnownFileType = sourcecode.c.h; path = ElPersonCharmTableViewCell.h; sourceTree = "<group>"; };
		49F2C95C1DB9AAED000589A7 /* ElPersonCharmTableViewCell.m */ = {isa = PBXFileReference; fileEncoding = 4; lastKnownFileType = sourcecode.c.objc; path = ElPersonCharmTableViewCell.m; sourceTree = "<group>"; };
		49F2C95D1DB9AAED000589A7 /* ElPersonCharmTableViewCell.xib */ = {isa = PBXFileReference; fileEncoding = 4; lastKnownFileType = file.xib; path = ElPersonCharmTableViewCell.xib; sourceTree = "<group>"; };
		49F2C9741DB9B0A4000589A7 /* ElGiftViewController.h */ = {isa = PBXFileReference; fileEncoding = 4; lastKnownFileType = sourcecode.c.h; path = ElGiftViewController.h; sourceTree = "<group>"; };
		49F2C9751DB9B0A4000589A7 /* ElGiftViewController.m */ = {isa = PBXFileReference; fileEncoding = 4; lastKnownFileType = sourcecode.c.objc; path = ElGiftViewController.m; sourceTree = "<group>"; };
		49F2C9771DB9B0B2000589A7 /* ElAlbumViewController.h */ = {isa = PBXFileReference; fileEncoding = 4; lastKnownFileType = sourcecode.c.h; path = ElAlbumViewController.h; sourceTree = "<group>"; };
		49F2C9781DB9B0B2000589A7 /* ElAlbumViewController.m */ = {isa = PBXFileReference; fileEncoding = 4; lastKnownFileType = sourcecode.c.objc; path = ElAlbumViewController.m; sourceTree = "<group>"; };
		49F2C97A1DB9B0BF000589A7 /* ElSettingViewController.h */ = {isa = PBXFileReference; fileEncoding = 4; lastKnownFileType = sourcecode.c.h; path = ElSettingViewController.h; sourceTree = "<group>"; };
		49F2C97B1DB9B0BF000589A7 /* ElSettingViewController.m */ = {isa = PBXFileReference; fileEncoding = 4; lastKnownFileType = sourcecode.c.objc; path = ElSettingViewController.m; sourceTree = "<group>"; };
		49F2C97D1DB9B0CA000589A7 /* ElManageViewController.h */ = {isa = PBXFileReference; fileEncoding = 4; lastKnownFileType = sourcecode.c.h; path = ElManageViewController.h; sourceTree = "<group>"; };
		49F2C97E1DB9B0CA000589A7 /* ElManageViewController.m */ = {isa = PBXFileReference; fileEncoding = 4; lastKnownFileType = sourcecode.c.objc; path = ElManageViewController.m; sourceTree = "<group>"; };
		49FE39771DB790E600FD8A99 /* libz.tbd */ = {isa = PBXFileReference; lastKnownFileType = "sourcecode.text-based-dylib-definition"; name = libz.tbd; path = usr/lib/libz.tbd; sourceTree = SDKROOT; };
		49FE39791DB790F300FD8A99 /* VideoToolbox.framework */ = {isa = PBXFileReference; lastKnownFileType = wrapper.framework; name = VideoToolbox.framework; path = System/Library/Frameworks/VideoToolbox.framework; sourceTree = SDKROOT; };
		49FE397B1DB790FD00FD8A99 /* AudioToolbox.framework */ = {isa = PBXFileReference; lastKnownFileType = wrapper.framework; name = AudioToolbox.framework; path = System/Library/Frameworks/AudioToolbox.framework; sourceTree = SDKROOT; };
		49FE397D1DB7911200FD8A99 /* libstdc++.tbd */ = {isa = PBXFileReference; lastKnownFileType = "sourcecode.text-based-dylib-definition"; name = "libstdc++.tbd"; path = "usr/lib/libstdc++.tbd"; sourceTree = SDKROOT; };
		49FE397F1DB7912100FD8A99 /* SystemConfiguration.framework */ = {isa = PBXFileReference; lastKnownFileType = wrapper.framework; name = SystemConfiguration.framework; path = System/Library/Frameworks/SystemConfiguration.framework; sourceTree = SDKROOT; };
		49FE39811DB7912F00FD8A99 /* CoreTelephony.framework */ = {isa = PBXFileReference; lastKnownFileType = wrapper.framework; name = CoreTelephony.framework; path = System/Library/Frameworks/CoreTelephony.framework; sourceTree = SDKROOT; };
		49FE39891DB797C100FD8A99 /* ElBaseModel.h */ = {isa = PBXFileReference; fileEncoding = 4; lastKnownFileType = sourcecode.c.h; path = ElBaseModel.h; sourceTree = "<group>"; };
		49FE398A1DB797C100FD8A99 /* ElBaseModel.m */ = {isa = PBXFileReference; fileEncoding = 4; lastKnownFileType = sourcecode.c.objc; path = ElBaseModel.m; sourceTree = "<group>"; };
		49FE398C1DB797D500FD8A99 /* ElBaseView.h */ = {isa = PBXFileReference; fileEncoding = 4; lastKnownFileType = sourcecode.c.h; path = ElBaseView.h; sourceTree = "<group>"; };
		49FE398D1DB797D500FD8A99 /* ElBaseView.m */ = {isa = PBXFileReference; fileEncoding = 4; lastKnownFileType = sourcecode.c.objc; path = ElBaseView.m; sourceTree = "<group>"; };
		49FE398F1DB797E500FD8A99 /* ElBaseViewController.h */ = {isa = PBXFileReference; fileEncoding = 4; lastKnownFileType = sourcecode.c.h; path = ElBaseViewController.h; sourceTree = "<group>"; };
		49FE39901DB797E500FD8A99 /* ElBaseViewController.m */ = {isa = PBXFileReference; fileEncoding = 4; lastKnownFileType = sourcecode.c.objc; path = ElBaseViewController.m; sourceTree = "<group>"; };
		49FE39951DB79A4C00FD8A99 /* NSArray+Categories.h */ = {isa = PBXFileReference; fileEncoding = 4; lastKnownFileType = sourcecode.c.h; path = "NSArray+Categories.h"; sourceTree = "<group>"; };
		49FE39961DB79A4C00FD8A99 /* NSArray+Categories.m */ = {isa = PBXFileReference; fileEncoding = 4; lastKnownFileType = sourcecode.c.objc; path = "NSArray+Categories.m"; sourceTree = "<group>"; };
		49FE39971DB79A4C00FD8A99 /* NSDate+Categories.h */ = {isa = PBXFileReference; fileEncoding = 4; lastKnownFileType = sourcecode.c.h; path = "NSDate+Categories.h"; sourceTree = "<group>"; };
		49FE39981DB79A4C00FD8A99 /* NSDate+Categories.m */ = {isa = PBXFileReference; fileEncoding = 4; lastKnownFileType = sourcecode.c.objc; path = "NSDate+Categories.m"; sourceTree = "<group>"; };
		49FE39991DB79A4C00FD8A99 /* NSDate+EasyExtend.h */ = {isa = PBXFileReference; fileEncoding = 4; lastKnownFileType = sourcecode.c.h; path = "NSDate+EasyExtend.h"; sourceTree = "<group>"; };
		49FE399A1DB79A4C00FD8A99 /* NSDate+EasyExtend.mm */ = {isa = PBXFileReference; fileEncoding = 4; lastKnownFileType = sourcecode.cpp.objcpp; path = "NSDate+EasyExtend.mm"; sourceTree = "<group>"; };
		49FE399B1DB79A4C00FD8A99 /* NSDictionary+Categories.h */ = {isa = PBXFileReference; fileEncoding = 4; lastKnownFileType = sourcecode.c.h; path = "NSDictionary+Categories.h"; sourceTree = "<group>"; };
		49FE399C1DB79A4C00FD8A99 /* NSDictionary+Categories.m */ = {isa = PBXFileReference; fileEncoding = 4; lastKnownFileType = sourcecode.c.objc; path = "NSDictionary+Categories.m"; sourceTree = "<group>"; };
		49FE399D1DB79A4C00FD8A99 /* NSNumber+Extend.h */ = {isa = PBXFileReference; fileEncoding = 4; lastKnownFileType = sourcecode.c.h; path = "NSNumber+Extend.h"; sourceTree = "<group>"; };
		49FE399E1DB79A4C00FD8A99 /* NSNumber+Extend.m */ = {isa = PBXFileReference; fileEncoding = 4; lastKnownFileType = sourcecode.c.objc; path = "NSNumber+Extend.m"; sourceTree = "<group>"; };
		49FE399F1DB79A4C00FD8A99 /* NSString+Categories.h */ = {isa = PBXFileReference; fileEncoding = 4; lastKnownFileType = sourcecode.c.h; path = "NSString+Categories.h"; sourceTree = "<group>"; };
		49FE39A01DB79A4C00FD8A99 /* NSString+Categories.m */ = {isa = PBXFileReference; fileEncoding = 4; lastKnownFileType = sourcecode.c.objc; path = "NSString+Categories.m"; sourceTree = "<group>"; };
		49FE39A11DB79A4C00FD8A99 /* NSString+Regex.h */ = {isa = PBXFileReference; fileEncoding = 4; lastKnownFileType = sourcecode.c.h; path = "NSString+Regex.h"; sourceTree = "<group>"; };
		49FE39A21DB79A4C00FD8A99 /* NSString+Regex.m */ = {isa = PBXFileReference; fileEncoding = 4; lastKnownFileType = sourcecode.c.objc; path = "NSString+Regex.m"; sourceTree = "<group>"; };
		49FE39A31DB79A4C00FD8A99 /* NSUserDefaults+Categories.h */ = {isa = PBXFileReference; fileEncoding = 4; lastKnownFileType = sourcecode.c.h; path = "NSUserDefaults+Categories.h"; sourceTree = "<group>"; };
		49FE39A41DB79A4C00FD8A99 /* NSUserDefaults+Categories.m */ = {isa = PBXFileReference; fileEncoding = 4; lastKnownFileType = sourcecode.c.objc; path = "NSUserDefaults+Categories.m"; sourceTree = "<group>"; };
		49FE39A51DB79A4C00FD8A99 /* UIButton+Block.h */ = {isa = PBXFileReference; fileEncoding = 4; lastKnownFileType = sourcecode.c.h; path = "UIButton+Block.h"; sourceTree = "<group>"; };
		49FE39A61DB79A4C00FD8A99 /* UIButton+Block.m */ = {isa = PBXFileReference; fileEncoding = 4; lastKnownFileType = sourcecode.c.objc; path = "UIButton+Block.m"; sourceTree = "<group>"; };
		49FE39A71DB79A4C00FD8A99 /* UIColor+Categories.h */ = {isa = PBXFileReference; fileEncoding = 4; lastKnownFileType = sourcecode.c.h; path = "UIColor+Categories.h"; sourceTree = "<group>"; };
		49FE39A81DB79A4C00FD8A99 /* UIColor+Categories.m */ = {isa = PBXFileReference; fileEncoding = 4; lastKnownFileType = sourcecode.c.objc; path = "UIColor+Categories.m"; sourceTree = "<group>"; };
		49FE39A91DB79A4C00FD8A99 /* UIImage+Categories.h */ = {isa = PBXFileReference; fileEncoding = 4; lastKnownFileType = sourcecode.c.h; path = "UIImage+Categories.h"; sourceTree = "<group>"; };
		49FE39AA1DB79A4C00FD8A99 /* UIImage+Categories.m */ = {isa = PBXFileReference; fileEncoding = 4; lastKnownFileType = sourcecode.c.objc; path = "UIImage+Categories.m"; sourceTree = "<group>"; };
		49FE39AB1DB79A4C00FD8A99 /* UIView+Frame.h */ = {isa = PBXFileReference; fileEncoding = 4; lastKnownFileType = sourcecode.c.h; path = "UIView+Frame.h"; sourceTree = "<group>"; };
		49FE39AC1DB79A4C00FD8A99 /* UIView+Frame.m */ = {isa = PBXFileReference; fileEncoding = 4; lastKnownFileType = sourcecode.c.objc; path = "UIView+Frame.m"; sourceTree = "<group>"; };
		49FE39AE1DB79A4C00FD8A99 /* DataBaseManager.h */ = {isa = PBXFileReference; fileEncoding = 4; lastKnownFileType = sourcecode.c.h; path = DataBaseManager.h; sourceTree = "<group>"; };
		49FE39AF1DB79A4C00FD8A99 /* DataBaseManager.m */ = {isa = PBXFileReference; fileEncoding = 4; lastKnownFileType = sourcecode.c.objc; path = DataBaseManager.m; sourceTree = "<group>"; };
		49FE39B11DB79A4C00FD8A99 /* HttpAPIConst.h */ = {isa = PBXFileReference; fileEncoding = 4; lastKnownFileType = sourcecode.c.h; path = HttpAPIConst.h; sourceTree = "<group>"; };
		49FE39B21DB79A4C00FD8A99 /* HttpClient.h */ = {isa = PBXFileReference; fileEncoding = 4; lastKnownFileType = sourcecode.c.h; path = HttpClient.h; sourceTree = "<group>"; };
		49FE39B31DB79A4C00FD8A99 /* HttpClient.m */ = {isa = PBXFileReference; fileEncoding = 4; lastKnownFileType = sourcecode.c.objc; path = HttpClient.m; sourceTree = "<group>"; };
		49FE39B51DB79A4C00FD8A99 /* AppStoreUtils.h */ = {isa = PBXFileReference; fileEncoding = 4; lastKnownFileType = sourcecode.c.h; path = AppStoreUtils.h; sourceTree = "<group>"; };
		49FE39B61DB79A4C00FD8A99 /* AppStoreUtils.m */ = {isa = PBXFileReference; fileEncoding = 4; lastKnownFileType = sourcecode.c.objc; path = AppStoreUtils.m; sourceTree = "<group>"; };
		49FE39B71DB79A4C00FD8A99 /* FileManagerUtils.h */ = {isa = PBXFileReference; fileEncoding = 4; lastKnownFileType = sourcecode.c.h; path = FileManagerUtils.h; sourceTree = "<group>"; };
		49FE39B81DB79A4C00FD8A99 /* FileManagerUtils.m */ = {isa = PBXFileReference; fileEncoding = 4; lastKnownFileType = sourcecode.c.objc; path = FileManagerUtils.m; sourceTree = "<group>"; };
		49FE39B91DB79A4C00FD8A99 /* NSUserDefaultsUtils.h */ = {isa = PBXFileReference; fileEncoding = 4; lastKnownFileType = sourcecode.c.h; path = NSUserDefaultsUtils.h; sourceTree = "<group>"; };
		49FE39BA1DB79A4C00FD8A99 /* NSUserDefaultsUtils.m */ = {isa = PBXFileReference; fileEncoding = 4; lastKnownFileType = sourcecode.c.objc; path = NSUserDefaultsUtils.m; sourceTree = "<group>"; };
		49FE39BB1DB79A4C00FD8A99 /* SystemUnit.h */ = {isa = PBXFileReference; fileEncoding = 4; lastKnownFileType = sourcecode.c.h; path = SystemUnit.h; sourceTree = "<group>"; };
		49FE39CE1DB79AA100FD8A99 /* ElKit.pch */ = {isa = PBXFileReference; lastKnownFileType = sourcecode.c.h; path = ElKit.pch; sourceTree = "<group>"; };
		49FE39CF1DB79B3000FD8A99 /* ElMacro.h */ = {isa = PBXFileReference; lastKnownFileType = sourcecode.c.h; path = ElMacro.h; sourceTree = "<group>"; };
		49FE39D11DB79B7200FD8A99 /* AboutMe.text */ = {isa = PBXFileReference; fileEncoding = 4; lastKnownFileType = net.daringfireball.markdown; path = AboutMe.text; sourceTree = "<group>"; };
		49FE3A071DB79EBD00FD8A99 /* ElHomeTabBarController.h */ = {isa = PBXFileReference; fileEncoding = 4; lastKnownFileType = sourcecode.c.h; path = ElHomeTabBarController.h; sourceTree = "<group>"; };
		49FE3A081DB79EBD00FD8A99 /* ElHomeTabBarController.m */ = {isa = PBXFileReference; fileEncoding = 4; lastKnownFileType = sourcecode.c.objc; path = ElHomeTabBarController.m; sourceTree = "<group>"; };
		49FE3A151DB7A1FE00FD8A99 /* ElHomePageViewController.h */ = {isa = PBXFileReference; fileEncoding = 4; lastKnownFileType = sourcecode.c.h; path = ElHomePageViewController.h; sourceTree = "<group>"; };
		49FE3A161DB7A1FE00FD8A99 /* ElHomePageViewController.m */ = {isa = PBXFileReference; fileEncoding = 4; lastKnownFileType = sourcecode.c.objc; path = ElHomePageViewController.m; sourceTree = "<group>"; };
		49FE3A181DB7A27900FD8A99 /* ElLiveViewController.h */ = {isa = PBXFileReference; fileEncoding = 4; lastKnownFileType = sourcecode.c.h; path = ElLiveViewController.h; sourceTree = "<group>"; };
		49FE3A191DB7A27A00FD8A99 /* ElLiveViewController.m */ = {isa = PBXFileReference; fileEncoding = 4; lastKnownFileType = sourcecode.c.objc; path = ElLiveViewController.m; sourceTree = "<group>"; };
		49FE3A231DB7A7D400FD8A99 /* QPLive.framework */ = {isa = PBXFileReference; lastKnownFileType = wrapper.framework; path = QPLive.framework; sourceTree = "<group>"; };
		49FE871F1DB8BDB7000092C2 /* ElHotViewController.h */ = {isa = PBXFileReference; fileEncoding = 4; lastKnownFileType = sourcecode.c.h; path = ElHotViewController.h; sourceTree = "<group>"; };
		49FE87201DB8BDB7000092C2 /* ElHotViewController.m */ = {isa = PBXFileReference; fileEncoding = 4; lastKnownFileType = sourcecode.c.objc; path = ElHotViewController.m; sourceTree = "<group>"; };
		49FE87221DB8BDD2000092C2 /* ElNewViewController.h */ = {isa = PBXFileReference; fileEncoding = 4; lastKnownFileType = sourcecode.c.h; path = ElNewViewController.h; sourceTree = "<group>"; };
		49FE87231DB8BDD2000092C2 /* ElNewViewController.m */ = {isa = PBXFileReference; fileEncoding = 4; lastKnownFileType = sourcecode.c.objc; path = ElNewViewController.m; sourceTree = "<group>"; };
		49FE87251DB8DA6E000092C2 /* ElSearchViewController.h */ = {isa = PBXFileReference; fileEncoding = 4; lastKnownFileType = sourcecode.c.h; path = ElSearchViewController.h; sourceTree = "<group>"; };
		49FE87261DB8DA6E000092C2 /* ElSearchViewController.m */ = {isa = PBXFileReference; fileEncoding = 4; lastKnownFileType = sourcecode.c.objc; path = ElSearchViewController.m; sourceTree = "<group>"; };
		4ED348DAA932E1D700311B69 /* Pods-ElephantLiving.release.xcconfig */ = {isa = PBXFileReference; includeInIndex = 1; lastKnownFileType = text.xcconfig; name = "Pods-ElephantLiving.release.xcconfig"; path = "Pods/Target Support Files/Pods-ElephantLiving/Pods-ElephantLiving.release.xcconfig"; sourceTree = "<group>"; };
		72C3B4E93879647ED95BB357 /* Pods_ElephantLiving.framework */ = {isa = PBXFileReference; explicitFileType = wrapper.framework; includeInIndex = 0; path = Pods_ElephantLiving.framework; sourceTree = BUILT_PRODUCTS_DIR; };
		D89B2F47EF8313096B83FF86 /* Pods-ElephantLiving.debug.xcconfig */ = {isa = PBXFileReference; includeInIndex = 1; lastKnownFileType = text.xcconfig; name = "Pods-ElephantLiving.debug.xcconfig"; path = "Pods/Target Support Files/Pods-ElephantLiving/Pods-ElephantLiving.debug.xcconfig"; sourceTree = "<group>"; };
		EB33479F1DC08D4D00AB0D18 /* ElStartLiving.h */ = {isa = PBXFileReference; fileEncoding = 4; lastKnownFileType = sourcecode.c.h; path = ElStartLiving.h; sourceTree = "<group>"; };
		EB3347A01DC08D4D00AB0D18 /* ElStartLiving.m */ = {isa = PBXFileReference; fileEncoding = 4; lastKnownFileType = sourcecode.c.objc; path = ElStartLiving.m; sourceTree = "<group>"; };
		EB70D6381DBA06A1009D9E34 /* ElAlbumCollectionViewCell.h */ = {isa = PBXFileReference; fileEncoding = 4; lastKnownFileType = sourcecode.c.h; path = ElAlbumCollectionViewCell.h; sourceTree = "<group>"; };
		EB70D6391DBA06A1009D9E34 /* ElAlbumCollectionViewCell.m */ = {isa = PBXFileReference; fileEncoding = 4; lastKnownFileType = sourcecode.c.objc; path = ElAlbumCollectionViewCell.m; sourceTree = "<group>"; };
		EB70D63B1DBA0756009D9E34 /* ElGiftTableViewCell.h */ = {isa = PBXFileReference; fileEncoding = 4; lastKnownFileType = sourcecode.c.h; path = ElGiftTableViewCell.h; sourceTree = "<group>"; };
		EB70D63C1DBA0756009D9E34 /* ElGiftTableViewCell.m */ = {isa = PBXFileReference; fileEncoding = 4; lastKnownFileType = sourcecode.c.objc; path = ElGiftTableViewCell.m; sourceTree = "<group>"; };
		EB99EAF11DC0506000621EF3 /* IJKMediaFramework.framework */ = {isa = PBXFileReference; lastKnownFileType = wrapper.framework; path = IJKMediaFramework.framework; sourceTree = "<group>"; };
		EB99EAF21DC0506000621EF3 /* LICENSE */ = {isa = PBXFileReference; fileEncoding = 4; lastKnownFileType = text; path = LICENSE; sourceTree = "<group>"; };
		EB99EAF31DC0506000621EF3 /* README.md */ = {isa = PBXFileReference; fileEncoding = 4; lastKnownFileType = net.daringfireball.markdown; path = README.md; sourceTree = "<group>"; };
		EB99EAF51DC0506000621EF3 /* IJKMediaFramework.framework */ = {isa = PBXFileReference; lastKnownFileType = wrapper.framework; path = IJKMediaFramework.framework; sourceTree = "<group>"; };
/* End PBXFileReference section */

/* Begin PBXFrameworksBuildPhase section */
		499FBE1C1DB786CE0015CC1D /* Frameworks */ = {
			isa = PBXFrameworksBuildPhase;
			buildActionMask = 2147483647;
			files = (
				49FE39821DB7912F00FD8A99 /* CoreTelephony.framework in Frameworks */,
				49FE39801DB7912100FD8A99 /* SystemConfiguration.framework in Frameworks */,
				49FE397E1DB7911200FD8A99 /* libstdc++.tbd in Frameworks */,
				EB99EAF91DC0506000621EF3 /* IJKMediaFramework.framework in Frameworks */,
				49FE397C1DB790FD00FD8A99 /* AudioToolbox.framework in Frameworks */,
				49FE397A1DB790F300FD8A99 /* VideoToolbox.framework in Frameworks */,
				49FE3A241DB7A7D400FD8A99 /* QPLive.framework in Frameworks */,
				EB99EAF61DC0506000621EF3 /* IJKMediaFramework.framework in Frameworks */,
				496085EE1DBDEEB6007CD041 /* IJKMediaFramework.framework in Frameworks */,
				49FE397C1DB790FD00FD8A99 /* AudioToolbox.framework in Frameworks */,
				49FE397A1DB790F300FD8A99 /* VideoToolbox.framework in Frameworks */,
				49FE3A241DB7A7D400FD8A99 /* QPLive.framework in Frameworks */,
				496085EB1DBDEEB6007CD041 /* IJKMediaFramework.framework in Frameworks */,
				49FE39781DB790E600FD8A99 /* libz.tbd in Frameworks */,
				73E262811E273442D85341C1 /* Pods_ElephantLiving.framework in Frameworks */,
			);
			runOnlyForDeploymentPostprocessing = 0;
		};
/* End PBXFrameworksBuildPhase section */

/* Begin PBXGroup section */
		3245BADF8E70E4188022521E /* Pods */ = {
			isa = PBXGroup;
			children = (
				D89B2F47EF8313096B83FF86 /* Pods-ElephantLiving.debug.xcconfig */,
				4ED348DAA932E1D700311B69 /* Pods-ElephantLiving.release.xcconfig */,
			);
			name = Pods;
			sourceTree = "<group>";
		};
		4916D8521DBEEEAF00FAFB68 /* Watch */ = {
			isa = PBXGroup;
			children = (
				49CA5A3B1DC03CDE005F2172 /* Controller */,
				49CA5A3D1DC03CEC005F2172 /* Model */,
				49CA5A3C1DC03CE5005F2172 /* View */,
				49CA5A3E1DC03CF1005F2172 /* ViewModel */,
			);
			path = Watch;
			sourceTree = "<group>";
		};
		499BD25D1DC08CEE00362487 /* ElLive */ = {
			isa = PBXGroup;
			children = (
				4938CA331DC08F7900EFE602 /* ElConfiguration.h */,
				4938CA341DC08F7900EFE602 /* ElConfiguration.m */,
				4938CA391DC0902E00EFE602 /* ElLiveRequest.h */,
				4938CA3A1DC0902E00EFE602 /* ElLiveRequest.m */,
				4938CA361DC08F9800EFE602 /* ElLiveSession.h */,
				4938CA371DC08F9800EFE602 /* ElLiveSession.m */,
			);
			path = ElLive;
			sourceTree = "<group>";
		};
		499FBE161DB786CE0015CC1D = {
			isa = PBXGroup;
			children = (
				499FBE211DB786CE0015CC1D /* ElephantLiving */,
				FD265F04054B206DD08E33BE /* Frameworks */,
				3245BADF8E70E4188022521E /* Pods */,
				499FBE201DB786CE0015CC1D /* Products */,
			);
			sourceTree = "<group>";
		};
		499FBE201DB786CE0015CC1D /* Products */ = {
			isa = PBXGroup;
			children = (
				499FBE1F1DB786CE0015CC1D /* ElephantLiving.app */,
			);
			name = Products;
			sourceTree = "<group>";
		};
		499FBE211DB786CE0015CC1D /* ElephantLiving */ = {
			isa = PBXGroup;
			children = (
				49FE39841DB7974B00FD8A99 /* Base */,
				49FE39931DB79A4C00FD8A99 /* Common */,
				49FE39CD1DB79A7400FD8A99 /* Macro */,
				49FE39D41DB79B8C00FD8A99 /* Modules */,
				49FE39D01DB79B5D00FD8A99 /* Resources */,
				499FBE221DB786CE0015CC1D /* Supporting Files */,
				EB99EAEE1DC0506000621EF3 /* Vendors */,
				49FE3A221DB7A7D400FD8A99 /* lib */,
				499FBE251DB786CE0015CC1D /* AppDelegate.h */,
				499FBE261DB786CE0015CC1D /* AppDelegate.m */,
				499FBE2E1DB786CE0015CC1D /* Assets.xcassets */,
				499FBE331DB786CE0015CC1D /* Info.plist */,
				499FBE301DB786CE0015CC1D /* LaunchScreen.storyboard */,
				499FBE2B1DB786CE0015CC1D /* Main.storyboard */,
				499FBE281DB786CE0015CC1D /* ViewController.h */,
				499FBE291DB786CE0015CC1D /* ViewController.m */,
			);
			path = ElephantLiving;
			sourceTree = "<group>";
		};
		499FBE221DB786CE0015CC1D /* Supporting Files */ = {
			isa = PBXGroup;
			children = (
				49FE39CE1DB79AA100FD8A99 /* ElKit.pch */,
				499FBE231DB786CE0015CC1D /* main.m */,
			);
			path = "Supporting Files";
			sourceTree = "<group>";
		};
		49CA5A371DC03A8E005F2172 /* End */ = {
			isa = PBXGroup;
			children = (
				49CA5A381DC03AAC005F2172 /* ElEndViewController.h */,
				49CA5A391DC03AAC005F2172 /* ElEndViewController.m */,
			);
			path = End;
			sourceTree = "<group>";
		};
		49CA5A3B1DC03CDE005F2172 /* Controller */ = {
			isa = PBXGroup;
			children = (
				4916D8531DBEF02700FAFB68 /* ElWatchViewController.h */,
				4916D8541DBEF02700FAFB68 /* ElWatchViewController.m */,
			);
			path = Controller;
			sourceTree = "<group>";
		};
		49CA5A3C1DC03CE5005F2172 /* View */ = {
			isa = PBXGroup;
			children = (
			);
			path = View;
			sourceTree = "<group>";
		};
		49CA5A3D1DC03CEC005F2172 /* Model */ = {
			isa = PBXGroup;
			children = (
			);
			path = Model;
			sourceTree = "<group>";
		};
		49CA5A3E1DC03CF1005F2172 /* ViewModel */ = {
			isa = PBXGroup;
			children = (
			);
			path = ViewModel;
			sourceTree = "<group>";
		};
		49F2C9601DB9AF3E000589A7 /* Gift */ = {
			isa = PBXGroup;
			children = (
				49F2C9611DB9AF72000589A7 /* Controller */,
				49F2C9631DB9AF93000589A7 /* Model */,
				49F2C9621DB9AF8E000589A7 /* View */,
				49F2C9641DB9AF98000589A7 /* ViewModel */,
			);
			path = Gift;
			sourceTree = "<group>";
		};
		49F2C9611DB9AF72000589A7 /* Controller */ = {
			isa = PBXGroup;
			children = (
				49F2C9741DB9B0A4000589A7 /* ElGiftViewController.h */,
				49F2C9751DB9B0A4000589A7 /* ElGiftViewController.m */,
			);
			path = Controller;
			sourceTree = "<group>";
		};
		49F2C9621DB9AF8E000589A7 /* View */ = {
			isa = PBXGroup;
			children = (
				EB70D63B1DBA0756009D9E34 /* ElGiftTableViewCell.h */,
				EB70D63C1DBA0756009D9E34 /* ElGiftTableViewCell.m */,
			);
			path = View;
			sourceTree = "<group>";
		};
		49F2C9631DB9AF93000589A7 /* Model */ = {
			isa = PBXGroup;
			children = (
			);
			path = Model;
			sourceTree = "<group>";
		};
		49F2C9641DB9AF98000589A7 /* ViewModel */ = {
			isa = PBXGroup;
			children = (
			);
			path = ViewModel;
			sourceTree = "<group>";
		};
		49F2C9651DB9AFA0000589A7 /* Album */ = {
			isa = PBXGroup;
			children = (
				49F2C9661DB9AFB9000589A7 /* Controller */,
				49F2C9691DB9AFD0000589A7 /* Model */,
				49F2C9671DB9AFC6000589A7 /* View */,
				49F2C9681DB9AFCA000589A7 /* ViewModel */,
			);
			path = Album;
			sourceTree = "<group>";
		};
		49F2C9661DB9AFB9000589A7 /* Controller */ = {
			isa = PBXGroup;
			children = (
				49F2C9771DB9B0B2000589A7 /* ElAlbumViewController.h */,
				49F2C9781DB9B0B2000589A7 /* ElAlbumViewController.m */,
			);
			path = Controller;
			sourceTree = "<group>";
		};
		49F2C9671DB9AFC6000589A7 /* View */ = {
			isa = PBXGroup;
			children = (
				EB70D6381DBA06A1009D9E34 /* ElAlbumCollectionViewCell.h */,
				EB70D6391DBA06A1009D9E34 /* ElAlbumCollectionViewCell.m */,
			);
			path = View;
			sourceTree = "<group>";
		};
		49F2C9681DB9AFCA000589A7 /* ViewModel */ = {
			isa = PBXGroup;
			children = (
			);
			path = ViewModel;
			sourceTree = "<group>";
		};
		49F2C9691DB9AFD0000589A7 /* Model */ = {
			isa = PBXGroup;
			children = (
			);
			path = Model;
			sourceTree = "<group>";
		};
		49F2C96A1DB9AFE8000589A7 /* Setting */ = {
			isa = PBXGroup;
			children = (
				49F2C96B1DB9AFF9000589A7 /* Controller */,
				49F2C96D1DB9B007000589A7 /* Model */,
				49F2C96C1DB9B000000589A7 /* View */,
				49F2C96E1DB9B00C000589A7 /* ViewModel */,
			);
			path = Setting;
			sourceTree = "<group>";
		};
		49F2C96B1DB9AFF9000589A7 /* Controller */ = {
			isa = PBXGroup;
			children = (
				49F2C97A1DB9B0BF000589A7 /* ElSettingViewController.h */,
				49F2C97B1DB9B0BF000589A7 /* ElSettingViewController.m */,
			);
			path = Controller;
			sourceTree = "<group>";
		};
		49F2C96C1DB9B000000589A7 /* View */ = {
			isa = PBXGroup;
			children = (
			);
			path = View;
			sourceTree = "<group>";
		};
		49F2C96D1DB9B007000589A7 /* Model */ = {
			isa = PBXGroup;
			children = (
			);
			path = Model;
			sourceTree = "<group>";
		};
		49F2C96E1DB9B00C000589A7 /* ViewModel */ = {
			isa = PBXGroup;
			children = (
			);
			path = ViewModel;
			sourceTree = "<group>";
		};
		49F2C96F1DB9B063000589A7 /* Manage */ = {
			isa = PBXGroup;
			children = (
				49F2C9701DB9B072000589A7 /* Controller */,
				49F2C9721DB9B07D000589A7 /* Model */,
				49F2C9711DB9B079000589A7 /* View */,
				49F2C9731DB9B082000589A7 /* ViewModel */,
			);
			path = Manage;
			sourceTree = "<group>";
		};
		49F2C9701DB9B072000589A7 /* Controller */ = {
			isa = PBXGroup;
			children = (
				49F2C97D1DB9B0CA000589A7 /* ElManageViewController.h */,
				49F2C97E1DB9B0CA000589A7 /* ElManageViewController.m */,
			);
			path = Controller;
			sourceTree = "<group>";
		};
		49F2C9711DB9B079000589A7 /* View */ = {
			isa = PBXGroup;
			children = (
			);
			path = View;
			sourceTree = "<group>";
		};
		49F2C9721DB9B07D000589A7 /* Model */ = {
			isa = PBXGroup;
			children = (
			);
			path = Model;
			sourceTree = "<group>";
		};
		49F2C9731DB9B082000589A7 /* ViewModel */ = {
			isa = PBXGroup;
			children = (
			);
			path = ViewModel;
			sourceTree = "<group>";
		};
		49FE39841DB7974B00FD8A99 /* Base */ = {
			isa = PBXGroup;
			children = (
				49FE39871DB7976100FD8A99 /* Controller */,
				49FE39851DB7975500FD8A99 /* Model */,
				49FE39861DB7975D00FD8A99 /* View */,
				49FE39881DB7976800FD8A99 /* ViewModel */,
			);
			path = Base;
			sourceTree = "<group>";
		};
		49FE39851DB7975500FD8A99 /* Model */ = {
			isa = PBXGroup;
			children = (
				49FE39891DB797C100FD8A99 /* ElBaseModel.h */,
				49FE398A1DB797C100FD8A99 /* ElBaseModel.m */,
			);
			path = Model;
			sourceTree = "<group>";
		};
		49FE39861DB7975D00FD8A99 /* View */ = {
			isa = PBXGroup;
			children = (
				49FE398C1DB797D500FD8A99 /* ElBaseView.h */,
				49FE398D1DB797D500FD8A99 /* ElBaseView.m */,
			);
			path = View;
			sourceTree = "<group>";
		};
		49FE39871DB7976100FD8A99 /* Controller */ = {
			isa = PBXGroup;
			children = (
				49FE398F1DB797E500FD8A99 /* ElBaseViewController.h */,
				49FE39901DB797E500FD8A99 /* ElBaseViewController.m */,
			);
			path = Controller;
			sourceTree = "<group>";
		};
		49FE39881DB7976800FD8A99 /* ViewModel */ = {
			isa = PBXGroup;
			children = (
			);
			path = ViewModel;
			sourceTree = "<group>";
		};
		49FE39931DB79A4C00FD8A99 /* Common */ = {
			isa = PBXGroup;
			children = (
				49FE39941DB79A4C00FD8A99 /* Categories */,
				49FE39AD1DB79A4C00FD8A99 /* DataBase */,
				499BD25D1DC08CEE00362487 /* ElLive */,
				49FE39B01DB79A4C00FD8A99 /* HttpClient */,
				49FE39B41DB79A4C00FD8A99 /* Util */,
			);
			path = Common;
			sourceTree = "<group>";
		};
		49FE39941DB79A4C00FD8A99 /* Categories */ = {
			isa = PBXGroup;
			children = (
				49FE39951DB79A4C00FD8A99 /* NSArray+Categories.h */,
				49FE39961DB79A4C00FD8A99 /* NSArray+Categories.m */,
				49FE39971DB79A4C00FD8A99 /* NSDate+Categories.h */,
				49FE39981DB79A4C00FD8A99 /* NSDate+Categories.m */,
				49FE39991DB79A4C00FD8A99 /* NSDate+EasyExtend.h */,
				49FE399A1DB79A4C00FD8A99 /* NSDate+EasyExtend.mm */,
				49FE399B1DB79A4C00FD8A99 /* NSDictionary+Categories.h */,
				49FE399C1DB79A4C00FD8A99 /* NSDictionary+Categories.m */,
				49FE399D1DB79A4C00FD8A99 /* NSNumber+Extend.h */,
				49FE399E1DB79A4C00FD8A99 /* NSNumber+Extend.m */,
				49FE399F1DB79A4C00FD8A99 /* NSString+Categories.h */,
				49FE39A01DB79A4C00FD8A99 /* NSString+Categories.m */,
				49FE39A11DB79A4C00FD8A99 /* NSString+Regex.h */,
				49FE39A21DB79A4C00FD8A99 /* NSString+Regex.m */,
				49FE39A31DB79A4C00FD8A99 /* NSUserDefaults+Categories.h */,
				49FE39A41DB79A4C00FD8A99 /* NSUserDefaults+Categories.m */,
				49FE39A51DB79A4C00FD8A99 /* UIButton+Block.h */,
				49FE39A61DB79A4C00FD8A99 /* UIButton+Block.m */,
				49FE39A71DB79A4C00FD8A99 /* UIColor+Categories.h */,
				49FE39A81DB79A4C00FD8A99 /* UIColor+Categories.m */,
				49FE39A91DB79A4C00FD8A99 /* UIImage+Categories.h */,
				49FE39AA1DB79A4C00FD8A99 /* UIImage+Categories.m */,
				49FE39AB1DB79A4C00FD8A99 /* UIView+Frame.h */,
				49FE39AC1DB79A4C00FD8A99 /* UIView+Frame.m */,
			);
			path = Categories;
			sourceTree = "<group>";
		};
		49FE39AD1DB79A4C00FD8A99 /* DataBase */ = {
			isa = PBXGroup;
			children = (
				49FE39AE1DB79A4C00FD8A99 /* DataBaseManager.h */,
				49FE39AF1DB79A4C00FD8A99 /* DataBaseManager.m */,
			);
			path = DataBase;
			sourceTree = "<group>";
		};
		49FE39B01DB79A4C00FD8A99 /* HttpClient */ = {
			isa = PBXGroup;
			children = (
				49FE39B11DB79A4C00FD8A99 /* HttpAPIConst.h */,
				49FE39B21DB79A4C00FD8A99 /* HttpClient.h */,
				49FE39B31DB79A4C00FD8A99 /* HttpClient.m */,
			);
			path = HttpClient;
			sourceTree = "<group>";
		};
		49FE39B41DB79A4C00FD8A99 /* Util */ = {
			isa = PBXGroup;
			children = (
				49FE39B51DB79A4C00FD8A99 /* AppStoreUtils.h */,
				49FE39B61DB79A4C00FD8A99 /* AppStoreUtils.m */,
				49FE39B71DB79A4C00FD8A99 /* FileManagerUtils.h */,
				49FE39B81DB79A4C00FD8A99 /* FileManagerUtils.m */,
				49FE39B91DB79A4C00FD8A99 /* NSUserDefaultsUtils.h */,
				49FE39BA1DB79A4C00FD8A99 /* NSUserDefaultsUtils.m */,
				49FE39BB1DB79A4C00FD8A99 /* SystemUnit.h */,
			);
			path = Util;
			sourceTree = "<group>";
		};
		49FE39CD1DB79A7400FD8A99 /* Macro */ = {
			isa = PBXGroup;
			children = (
				49FE39CF1DB79B3000FD8A99 /* ElMacro.h */,
			);
			path = Macro;
			sourceTree = "<group>";
		};
		49FE39D01DB79B5D00FD8A99 /* Resources */ = {
			isa = PBXGroup;
			children = (
				49FE39D11DB79B7200FD8A99 /* AboutMe.text */,
			);
			path = Resources;
			sourceTree = "<group>";
		};
		49FE39D41DB79B8C00FD8A99 /* Modules */ = {
			isa = PBXGroup;
			children = (
				49F2C9651DB9AFA0000589A7 /* Album */,
				49CA5A371DC03A8E005F2172 /* End */,
				49FE3A021DB79D0F00FD8A99 /* ForgetPassword */,
				49F2C9601DB9AF3E000589A7 /* Gift */,
				49FE39D51DB79B9900FD8A99 /* Home */,
				49FE3A101DB7A19200FD8A99 /* HomePage */,
				49FE39DA1DB79BB300FD8A99 /* Hot */,
				49FE39EE1DB79C6100FD8A99 /* List */,
				49FE39F31DB79CA100FD8A99 /* Live */,
				49FE39F81DB79CC200FD8A99 /* Login */,
				49F2C96F1DB9B063000589A7 /* Manage */,
				49FE39DF1DB79BCE00FD8A99 /* New */,
				49FE39E41DB79BE900FD8A99 /* Person */,
				49FE39FD1DB79CEE00FD8A99 /* Register */,
				49FE39E91DB79C0400FD8A99 /* Search */,
				49F2C96A1DB9AFE8000589A7 /* Setting */,
				4916D8521DBEEEAF00FAFB68 /* Watch */,
			);
			path = Modules;
			sourceTree = "<group>";
		};
		49FE39D51DB79B9900FD8A99 /* Home */ = {
			isa = PBXGroup;
			children = (
				49FE39D81DB79BA700FD8A99 /* Controller */,
				49FE39D71DB79BA200FD8A99 /* Model */,
				49FE39D61DB79B9E00FD8A99 /* View */,
				49FE39D91DB79BAB00FD8A99 /* ViewModel */,
			);
			path = Home;
			sourceTree = "<group>";
		};
		49FE39D61DB79B9E00FD8A99 /* View */ = {
			isa = PBXGroup;
			children = (
				49B1EE3D1DB9B8EF005C8B17 /* ElTabBar.h */,
				49B1EE3E1DB9B8EF005C8B17 /* ElTabBar.m */,
			);
			path = View;
			sourceTree = "<group>";
		};
		49FE39D71DB79BA200FD8A99 /* Model */ = {
			isa = PBXGroup;
			children = (
			);
			path = Model;
			sourceTree = "<group>";
		};
		49FE39D81DB79BA700FD8A99 /* Controller */ = {
			isa = PBXGroup;
			children = (
				49FE3A071DB79EBD00FD8A99 /* ElHomeTabBarController.h */,
				49FE3A081DB79EBD00FD8A99 /* ElHomeTabBarController.m */,
			);
			path = Controller;
			sourceTree = "<group>";
		};
		49FE39D91DB79BAB00FD8A99 /* ViewModel */ = {
			isa = PBXGroup;
			children = (
			);
			path = ViewModel;
			sourceTree = "<group>";
		};
		49FE39DA1DB79BB300FD8A99 /* Hot */ = {
			isa = PBXGroup;
			children = (
				49FE39DD1DB79BC200FD8A99 /* Controller */,
				49FE39DC1DB79BBE00FD8A99 /* Model */,
				49FE39DB1DB79BBA00FD8A99 /* View */,
				49FE39DE1DB79BC800FD8A99 /* ViewModel */,
			);
			path = Hot;
			sourceTree = "<group>";
		};
		49FE39DB1DB79BBA00FD8A99 /* View */ = {
			isa = PBXGroup;
			children = (
				492709CB1DB9C60D00D6F550 /* ElHotCarouselView.h */,
				492709CC1DB9C60D00D6F550 /* ElHotCarouselView.m */,
				492709C81DB9C4B000D6F550 /* ElHotCollectionViewCell.h */,
				492709C91DB9C4B000D6F550 /* ElHotCollectionViewCell.m */,
				4939074D1DB8EED400F06D40 /* ElHotTableViewCell.h */,
				4939074E1DB8EED400F06D40 /* ElHotTableViewCell.m */,
				4939074F1DB8EED400F06D40 /* ElHotTableViewCell.xib */,
			);
			path = View;
			sourceTree = "<group>";
		};
		49FE39DC1DB79BBE00FD8A99 /* Model */ = {
			isa = PBXGroup;
			children = (
			);
			path = Model;
			sourceTree = "<group>";
		};
		49FE39DD1DB79BC200FD8A99 /* Controller */ = {
			isa = PBXGroup;
			children = (
				49FE871F1DB8BDB7000092C2 /* ElHotViewController.h */,
				49FE87201DB8BDB7000092C2 /* ElHotViewController.m */,
			);
			path = Controller;
			sourceTree = "<group>";
		};
		49FE39DE1DB79BC800FD8A99 /* ViewModel */ = {
			isa = PBXGroup;
			children = (
			);
			path = ViewModel;
			sourceTree = "<group>";
		};
		49FE39DF1DB79BCE00FD8A99 /* New */ = {
			isa = PBXGroup;
			children = (
				49FE39E21DB79BDD00FD8A99 /* Controller */,
				49FE39E11DB79BD900FD8A99 /* Model */,
				49FE39E01DB79BD400FD8A99 /* View */,
				49FE39E31DB79BE200FD8A99 /* ViewModel */,
			);
			path = New;
			sourceTree = "<group>";
		};
		49FE39E01DB79BD400FD8A99 /* View */ = {
			isa = PBXGroup;
			children = (
				493907521DB8EEF000F06D40 /* ElNewCollectionViewCell.h */,
				493907531DB8EEF000F06D40 /* ElNewCollectionViewCell.m */,
				493907541DB8EEF000F06D40 /* ElNewCollectionViewCell.xib */,
			);
			path = View;
			sourceTree = "<group>";
		};
		49FE39E11DB79BD900FD8A99 /* Model */ = {
			isa = PBXGroup;
			children = (
			);
			path = Model;
			sourceTree = "<group>";
		};
		49FE39E21DB79BDD00FD8A99 /* Controller */ = {
			isa = PBXGroup;
			children = (
				49FE87221DB8BDD2000092C2 /* ElNewViewController.h */,
				49FE87231DB8BDD2000092C2 /* ElNewViewController.m */,
			);
			path = Controller;
			sourceTree = "<group>";
		};
		49FE39E31DB79BE200FD8A99 /* ViewModel */ = {
			isa = PBXGroup;
			children = (
			);
			path = ViewModel;
			sourceTree = "<group>";
		};
		49FE39E41DB79BE900FD8A99 /* Person */ = {
			isa = PBXGroup;
			children = (
				49FE39E61DB79BF300FD8A99 /* Controller */,
				49FE39E71DB79BFA00FD8A99 /* Model */,
				49FE39E51DB79BEF00FD8A99 /* View */,
				49FE39E81DB79BFD00FD8A99 /* ViewModel */,
			);
			path = Person;
			sourceTree = "<group>";
		};
		49FE39E51DB79BEF00FD8A99 /* View */ = {
			isa = PBXGroup;
			children = (
				49F2C95B1DB9AAED000589A7 /* ElPersonCharmTableViewCell.h */,
				49F2C95C1DB9AAED000589A7 /* ElPersonCharmTableViewCell.m */,
				49F2C95D1DB9AAED000589A7 /* ElPersonCharmTableViewCell.xib */,
				49E7599C1DB8EE8800BDCB3C /* ElPersonHeaderView.h */,
				49E7599D1DB8EE8800BDCB3C /* ElPersonHeaderView.m */,
				49F2C9561DB99F9E000589A7 /* ElPersonTableViewCell.h */,
				49F2C9571DB99F9E000589A7 /* ElPersonTableViewCell.m */,
				49F2C9581DB99F9E000589A7 /* ElPersonTableViewCell.xib */,
			);
			path = View;
			sourceTree = "<group>";
		};
		49FE39E61DB79BF300FD8A99 /* Controller */ = {
			isa = PBXGroup;
			children = (
				49E759991DB8EE5100BDCB3C /* ElPersonViewController.h */,
				49E7599A1DB8EE5100BDCB3C /* ElPersonViewController.m */,
			);
			path = Controller;
			sourceTree = "<group>";
		};
		49FE39E71DB79BFA00FD8A99 /* Model */ = {
			isa = PBXGroup;
			children = (
			);
			path = Model;
			sourceTree = "<group>";
		};
		49FE39E81DB79BFD00FD8A99 /* ViewModel */ = {
			isa = PBXGroup;
			children = (
			);
			path = ViewModel;
			sourceTree = "<group>";
		};
		49FE39E91DB79C0400FD8A99 /* Search */ = {
			isa = PBXGroup;
			children = (
				49FE39ED1DB79C1A00FD8A99 /* Controller */,
				49FE39EB1DB79C1100FD8A99 /* Model */,
				49FE39EA1DB79C0D00FD8A99 /* View */,
				49FE39EC1DB79C1500FD8A99 /* ViewModel */,
			);
			path = Search;
			sourceTree = "<group>";
		};
		49FE39EA1DB79C0D00FD8A99 /* View */ = {
			isa = PBXGroup;
			children = (
			);
			path = View;
			sourceTree = "<group>";
		};
		49FE39EB1DB79C1100FD8A99 /* Model */ = {
			isa = PBXGroup;
			children = (
			);
			path = Model;
			sourceTree = "<group>";
		};
		49FE39EC1DB79C1500FD8A99 /* ViewModel */ = {
			isa = PBXGroup;
			children = (
			);
			path = ViewModel;
			sourceTree = "<group>";
		};
		49FE39ED1DB79C1A00FD8A99 /* Controller */ = {
			isa = PBXGroup;
			children = (
				49FE87251DB8DA6E000092C2 /* ElSearchViewController.h */,
				49FE87261DB8DA6E000092C2 /* ElSearchViewController.m */,
			);
			path = Controller;
			sourceTree = "<group>";
		};
		49FE39EE1DB79C6100FD8A99 /* List */ = {
			isa = PBXGroup;
			children = (
				49FE39F11DB79C7100FD8A99 /* Controller */,
				49FE39F01DB79C6D00FD8A99 /* Model */,
				49FE39EF1DB79C6800FD8A99 /* View */,
				49FE39F21DB79C7E00FD8A99 /* ViewModel */,
			);
			path = List;
			sourceTree = "<group>";
		};
		49FE39EF1DB79C6800FD8A99 /* View */ = {
			isa = PBXGroup;
			children = (
				49E759961DB8EE3100BDCB3C /* ElNormalListTableViewCell.h */,
				49E759971DB8EE3100BDCB3C /* ElNormalListTableViewCell.m */,
			);
			path = View;
			sourceTree = "<group>";
		};
		49FE39F01DB79C6D00FD8A99 /* Model */ = {
			isa = PBXGroup;
			children = (
			);
			path = Model;
			sourceTree = "<group>";
		};
		49FE39F11DB79C7100FD8A99 /* Controller */ = {
			isa = PBXGroup;
			children = (
				498A10471DB8F25B003F86B8 /* ElListViewController.h */,
				498A10481DB8F25B003F86B8 /* ElListViewController.m */,
			);
			path = Controller;
			sourceTree = "<group>";
		};
		49FE39F21DB79C7E00FD8A99 /* ViewModel */ = {
			isa = PBXGroup;
			children = (
			);
			path = ViewModel;
			sourceTree = "<group>";
		};
		49FE39F31DB79CA100FD8A99 /* Live */ = {
			isa = PBXGroup;
			children = (
				49FE39F71DB79CB900FD8A99 /* Controller */,
				49FE39F51DB79CAC00FD8A99 /* Model */,
				49FE39F41DB79CA700FD8A99 /* View */,
				49FE39F61DB79CB000FD8A99 /* ViewModel */,
			);
			path = Live;
			sourceTree = "<group>";
		};
		49FE39F41DB79CA700FD8A99 /* View */ = {
			isa = PBXGroup;
			children = (
				496AB00D1DC1B29400995823 /* ElLivingBottomToolView.h */,
				496AB00E1DC1B29400995823 /* ElLivingBottomToolView.m */,
				496AB0101DC1B31400995823 /* ElLivingBottomToolView.xib */,
				496AB0061DC1927E00995823 /* ElLivingTopView.h */,
				496AB0071DC1927E00995823 /* ElLivingTopView.m */,
				496AB00B1DC19A9F00995823 /* ElLivingTopView.xib */,
				EB33479F1DC08D4D00AB0D18 /* ElStartLiving.h */,
				EB3347A01DC08D4D00AB0D18 /* ElStartLiving.m */,
			);
			path = View;
			sourceTree = "<group>";
		};
		49FE39F51DB79CAC00FD8A99 /* Model */ = {
			isa = PBXGroup;
			children = (
			);
			path = Model;
			sourceTree = "<group>";
		};
		49FE39F61DB79CB000FD8A99 /* ViewModel */ = {
			isa = PBXGroup;
			children = (
			);
			path = ViewModel;
			sourceTree = "<group>";
		};
		49FE39F71DB79CB900FD8A99 /* Controller */ = {
			isa = PBXGroup;
			children = (
				49FE3A181DB7A27900FD8A99 /* ElLiveViewController.h */,
				49FE3A191DB7A27A00FD8A99 /* ElLiveViewController.m */,
			);
			path = Controller;
			sourceTree = "<group>";
		};
		49FE39F81DB79CC200FD8A99 /* Login */ = {
			isa = PBXGroup;
			children = (
				49FE39FB1DB79CD100FD8A99 /* Controller */,
				49FE39FA1DB79CCC00FD8A99 /* Model */,
				49FE39F91DB79CC700FD8A99 /* View */,
				49FE39FC1DB79CD900FD8A99 /* ViewModel */,
			);
			path = Login;
			sourceTree = "<group>";
		};
		49FE39F91DB79CC700FD8A99 /* View */ = {
			isa = PBXGroup;
			children = (
			);
			path = View;
			sourceTree = "<group>";
		};
		49FE39FA1DB79CCC00FD8A99 /* Model */ = {
			isa = PBXGroup;
			children = (
			);
			path = Model;
			sourceTree = "<group>";
		};
		49FE39FB1DB79CD100FD8A99 /* Controller */ = {
			isa = PBXGroup;
			children = (
			);
			path = Controller;
			sourceTree = "<group>";
		};
		49FE39FC1DB79CD900FD8A99 /* ViewModel */ = {
			isa = PBXGroup;
			children = (
			);
			path = ViewModel;
			sourceTree = "<group>";
		};
		49FE39FD1DB79CEE00FD8A99 /* Register */ = {
			isa = PBXGroup;
			children = (
				49FE39FF1DB79CFC00FD8A99 /* Controller */,
				49FE3A001DB79D0300FD8A99 /* Model */,
				49FE39FE1DB79CF700FD8A99 /* View */,
				49FE3A011DB79D0800FD8A99 /* ViewModel */,
			);
			path = Register;
			sourceTree = "<group>";
		};
		49FE39FE1DB79CF700FD8A99 /* View */ = {
			isa = PBXGroup;
			children = (
			);
			path = View;
			sourceTree = "<group>";
		};
		49FE39FF1DB79CFC00FD8A99 /* Controller */ = {
			isa = PBXGroup;
			children = (
			);
			path = Controller;
			sourceTree = "<group>";
		};
		49FE3A001DB79D0300FD8A99 /* Model */ = {
			isa = PBXGroup;
			children = (
			);
			path = Model;
			sourceTree = "<group>";
		};
		49FE3A011DB79D0800FD8A99 /* ViewModel */ = {
			isa = PBXGroup;
			children = (
			);
			path = ViewModel;
			sourceTree = "<group>";
		};
		49FE3A021DB79D0F00FD8A99 /* ForgetPassword */ = {
			isa = PBXGroup;
			children = (
				49FE3A051DB79D3100FD8A99 /* Controller */,
				49FE3A041DB79D2900FD8A99 /* Model */,
				49FE3A031DB79D2500FD8A99 /* View */,
				49FE3A061DB79D3700FD8A99 /* ViewModel */,
			);
			path = ForgetPassword;
			sourceTree = "<group>";
		};
		49FE3A031DB79D2500FD8A99 /* View */ = {
			isa = PBXGroup;
			children = (
			);
			path = View;
			sourceTree = "<group>";
		};
		49FE3A041DB79D2900FD8A99 /* Model */ = {
			isa = PBXGroup;
			children = (
			);
			path = Model;
			sourceTree = "<group>";
		};
		49FE3A051DB79D3100FD8A99 /* Controller */ = {
			isa = PBXGroup;
			children = (
			);
			path = Controller;
			sourceTree = "<group>";
		};
		49FE3A061DB79D3700FD8A99 /* ViewModel */ = {
			isa = PBXGroup;
			children = (
			);
			path = ViewModel;
			sourceTree = "<group>";
		};
		49FE3A101DB7A19200FD8A99 /* HomePage */ = {
			isa = PBXGroup;
			children = (
				49FE3A121DB7A1A100FD8A99 /* Controller */,
				49FE3A131DB7A1A700FD8A99 /* Model */,
				49FE3A111DB7A19A00FD8A99 /* View */,
				49FE3A141DB7A1AC00FD8A99 /* ViewModel */,
			);
			path = HomePage;
			sourceTree = "<group>";
		};
		49FE3A111DB7A19A00FD8A99 /* View */ = {
			isa = PBXGroup;
			children = (
				498A10441DB8F233003F86B8 /* ElTopView.h */,
				498A10451DB8F233003F86B8 /* ElTopView.m */,
			);
			path = View;
			sourceTree = "<group>";
		};
		49FE3A121DB7A1A100FD8A99 /* Controller */ = {
			isa = PBXGroup;
			children = (
				49FE3A151DB7A1FE00FD8A99 /* ElHomePageViewController.h */,
				49FE3A161DB7A1FE00FD8A99 /* ElHomePageViewController.m */,
			);
			path = Controller;
			sourceTree = "<group>";
		};
		49FE3A131DB7A1A700FD8A99 /* Model */ = {
			isa = PBXGroup;
			children = (
			);
			path = Model;
			sourceTree = "<group>";
		};
		49FE3A141DB7A1AC00FD8A99 /* ViewModel */ = {
			isa = PBXGroup;
			children = (
			);
			path = ViewModel;
			sourceTree = "<group>";
		};
		49FE3A221DB7A7D400FD8A99 /* lib */ = {
			isa = PBXGroup;
			children = (
				49FE3A231DB7A7D400FD8A99 /* QPLive.framework */,
			);
			path = lib;
			sourceTree = "<group>";
		};
		EB99EAEE1DC0506000621EF3 /* Vendors */ = {
			isa = PBXGroup;
			children = (
				EB99EAEF1DC0506000621EF3 /* ijkplayerLib */,
			);
			path = Vendors;
			sourceTree = "<group>";
		};
		EB99EAEF1DC0506000621EF3 /* ijkplayerLib */ = {
			isa = PBXGroup;
			children = (
				EB99EAF01DC0506000621EF3 /* Debug-IJKMediaFramework */,
				EB99EAF41DC0506000621EF3 /* Release-IJKMediaFramework */,
				EB99EAF21DC0506000621EF3 /* LICENSE */,
				EB99EAF31DC0506000621EF3 /* README.md */,
			);
			path = ijkplayerLib;
			sourceTree = "<group>";
		};
		EB99EAF01DC0506000621EF3 /* Debug-IJKMediaFramework */ = {
			isa = PBXGroup;
			children = (
				EB99EAF11DC0506000621EF3 /* IJKMediaFramework.framework */,
			);
			path = "Debug-IJKMediaFramework";
			sourceTree = "<group>";
		};
		EB99EAF41DC0506000621EF3 /* Release-IJKMediaFramework */ = {
			isa = PBXGroup;
			children = (
				EB99EAF51DC0506000621EF3 /* IJKMediaFramework.framework */,
			);
			path = "Release-IJKMediaFramework";
			sourceTree = "<group>";
		};
		FD265F04054B206DD08E33BE /* Frameworks */ = {
			isa = PBXGroup;
			children = (
				49FE39771DB790E600FD8A99 /* libz.tbd */,
				49FE397D1DB7911200FD8A99 /* libstdc++.tbd */,
				49FE39791DB790F300FD8A99 /* VideoToolbox.framework */,
				49FE397F1DB7912100FD8A99 /* SystemConfiguration.framework */,
				49FE39811DB7912F00FD8A99 /* CoreTelephony.framework */,
				49FE397B1DB790FD00FD8A99 /* AudioToolbox.framework */,
				72C3B4E93879647ED95BB357 /* Pods_ElephantLiving.framework */,
			);
			name = Frameworks;
			sourceTree = "<group>";
		};
/* End PBXGroup section */

/* Begin PBXNativeTarget section */
		499FBE1E1DB786CE0015CC1D /* ElephantLiving */ = {
			isa = PBXNativeTarget;
			buildConfigurationList = 499FBE361DB786CE0015CC1D /* Build configuration list for PBXNativeTarget "ElephantLiving" */;
			buildPhases = (
				66D5E70457DA0C8A7167E1DF /* [CP] Check Pods Manifest.lock */,
				499FBE1B1DB786CE0015CC1D /* Sources */,
				499FBE1C1DB786CE0015CC1D /* Frameworks */,
				499FBE1D1DB786CE0015CC1D /* Resources */,
				55C4308125EC3C847B7A9D16 /* [CP] Embed Pods Frameworks */,
				F01809341D4E38D78D2B675D /* [CP] Copy Pods Resources */,
			);
			buildRules = (
			);
			dependencies = (
			);
			name = ElephantLiving;
			productName = ElephantLiving;
			productReference = 499FBE1F1DB786CE0015CC1D /* ElephantLiving.app */;
			productType = "com.apple.product-type.application";
		};
/* End PBXNativeTarget section */

/* Begin PBXProject section */
		499FBE171DB786CE0015CC1D /* Project object */ = {
			isa = PBXProject;
			attributes = {
				CLASSPREFIX = El;
				LastUpgradeCheck = 0710;
				ORGANIZATIONNAME = dllo;
				TargetAttributes = {
					499FBE1E1DB786CE0015CC1D = {
						CreatedOnToolsVersion = 7.1;
						DevelopmentTeam = QWKQAE7W9B;
						ProvisioningStyle = Automatic;
					};
				};
			};
			buildConfigurationList = 499FBE1A1DB786CE0015CC1D /* Build configuration list for PBXProject "ElephantLiving" */;
			compatibilityVersion = "Xcode 3.2";
			developmentRegion = English;
			hasScannedForEncodings = 0;
			knownRegions = (
				en,
				Base,
			);
			mainGroup = 499FBE161DB786CE0015CC1D;
			productRefGroup = 499FBE201DB786CE0015CC1D /* Products */;
			projectDirPath = "";
			projectRoot = "";
			targets = (
				499FBE1E1DB786CE0015CC1D /* ElephantLiving */,
			);
		};
/* End PBXProject section */

/* Begin PBXResourcesBuildPhase section */
		499FBE1D1DB786CE0015CC1D /* Resources */ = {
			isa = PBXResourcesBuildPhase;
			buildActionMask = 2147483647;
			files = (
				499FBE321DB786CE0015CC1D /* LaunchScreen.storyboard in Resources */,
				496AB0111DC1B31400995823 /* ElLivingBottomToolView.xib in Resources */,
				493907561DB8EEF000F06D40 /* ElNewCollectionViewCell.xib in Resources */,
				499FBE2F1DB786CE0015CC1D /* Assets.xcassets in Resources */,
				49F2C95F1DB9AAED000589A7 /* ElPersonCharmTableViewCell.xib in Resources */,
				496AB00C1DC19A9F00995823 /* ElLivingTopView.xib in Resources */,
				49F2C95A1DB99F9E000589A7 /* ElPersonTableViewCell.xib in Resources */,
				493907511DB8EED400F06D40 /* ElHotTableViewCell.xib in Resources */,
				499FBE2D1DB786CE0015CC1D /* Main.storyboard in Resources */,
			);
			runOnlyForDeploymentPostprocessing = 0;
		};
/* End PBXResourcesBuildPhase section */

/* Begin PBXShellScriptBuildPhase section */
		55C4308125EC3C847B7A9D16 /* [CP] Embed Pods Frameworks */ = {
			isa = PBXShellScriptBuildPhase;
			buildActionMask = 2147483647;
			files = (
			);
			inputPaths = (
			);
			name = "[CP] Embed Pods Frameworks";
			outputPaths = (
			);
			runOnlyForDeploymentPostprocessing = 0;
			shellPath = /bin/sh;
			shellScript = "\"${SRCROOT}/Pods/Target Support Files/Pods-ElephantLiving/Pods-ElephantLiving-frameworks.sh\"\n";
			showEnvVarsInLog = 0;
		};
		66D5E70457DA0C8A7167E1DF /* [CP] Check Pods Manifest.lock */ = {
			isa = PBXShellScriptBuildPhase;
			buildActionMask = 2147483647;
			files = (
			);
			inputPaths = (
			);
			name = "[CP] Check Pods Manifest.lock";
			outputPaths = (
			);
			runOnlyForDeploymentPostprocessing = 0;
			shellPath = /bin/sh;
			shellScript = "diff \"${PODS_ROOT}/../Podfile.lock\" \"${PODS_ROOT}/Manifest.lock\" > /dev/null\nif [[ $? != 0 ]] ; then\n    cat << EOM\nerror: The sandbox is not in sync with the Podfile.lock. Run 'pod install' or update your CocoaPods installation.\nEOM\n    exit 1\nfi\n";
			showEnvVarsInLog = 0;
		};
		F01809341D4E38D78D2B675D /* [CP] Copy Pods Resources */ = {
			isa = PBXShellScriptBuildPhase;
			buildActionMask = 2147483647;
			files = (
			);
			inputPaths = (
			);
			name = "[CP] Copy Pods Resources";
			outputPaths = (
			);
			runOnlyForDeploymentPostprocessing = 0;
			shellPath = /bin/sh;
			shellScript = "\"${SRCROOT}/Pods/Target Support Files/Pods-ElephantLiving/Pods-ElephantLiving-resources.sh\"\n";
			showEnvVarsInLog = 0;
		};
/* End PBXShellScriptBuildPhase section */

/* Begin PBXSourcesBuildPhase section */
		499FBE1B1DB786CE0015CC1D /* Sources */ = {
			isa = PBXSourcesBuildPhase;
			buildActionMask = 2147483647;
			files = (
				49F2C97C1DB9B0BF000589A7 /* ElSettingViewController.m in Sources */,
				49FE39CC1DB79A4C00FD8A99 /* NSUserDefaultsUtils.m in Sources */,
				493907551DB8EEF000F06D40 /* ElNewCollectionViewCell.m in Sources */,
				499FBE2A1DB786CE0015CC1D /* ViewController.m in Sources */,
				496AB0081DC1927E00995823 /* ElLivingTopView.m in Sources */,
				49FE39C11DB79A4C00FD8A99 /* NSString+Categories.m in Sources */,
				49FE39C91DB79A4C00FD8A99 /* HttpClient.m in Sources */,
				49E7599B1DB8EE5100BDCB3C /* ElPersonViewController.m in Sources */,
				49FE398B1DB797C100FD8A99 /* ElBaseModel.m in Sources */,
				49F2C9791DB9B0B2000589A7 /* ElAlbumViewController.m in Sources */,
				492709CD1DB9C60D00D6F550 /* ElHotCarouselView.m in Sources */,
				EB3347A11DC08D4D00AB0D18 /* ElStartLiving.m in Sources */,
				499FBE271DB786CE0015CC1D /* AppDelegate.m in Sources */,
				49FE3A091DB79EBD00FD8A99 /* ElHomeTabBarController.m in Sources */,
				49F2C9591DB99F9E000589A7 /* ElPersonTableViewCell.m in Sources */,
				49FE87211DB8BDB7000092C2 /* ElHotViewController.m in Sources */,
				49FE39C21DB79A4C00FD8A99 /* NSString+Regex.m in Sources */,
				49F2C97F1DB9B0CA000589A7 /* ElManageViewController.m in Sources */,
				49FE398E1DB797D500FD8A99 /* ElBaseView.m in Sources */,
				EB99EAF81DC0506000621EF3 /* README.md in Sources */,
				49FE87241DB8BDD2000092C2 /* ElNewViewController.m in Sources */,
				498A10461DB8F233003F86B8 /* ElTopView.m in Sources */,
				49FE3A1A1DB7A27A00FD8A99 /* ElLiveViewController.m in Sources */,
				49FE39C41DB79A4C00FD8A99 /* UIButton+Block.m in Sources */,
				49FE39BC1DB79A4C00FD8A99 /* NSArray+Categories.m in Sources */,
				49FE39BE1DB79A4C00FD8A99 /* NSDate+EasyExtend.mm in Sources */,
				49F2C9761DB9B0A4000589A7 /* ElGiftViewController.m in Sources */,
				49FE87271DB8DA6E000092C2 /* ElSearchViewController.m in Sources */,
				4938CA351DC08F7900EFE602 /* ElConfiguration.m in Sources */,
				49FE39BF1DB79A4C00FD8A99 /* NSDictionary+Categories.m in Sources */,
				49E7599E1DB8EE8800BDCB3C /* ElPersonHeaderView.m in Sources */,
				493907501DB8EED400F06D40 /* ElHotTableViewCell.m in Sources */,
				496AB00F1DC1B29400995823 /* ElLivingBottomToolView.m in Sources */,
				498A10491DB8F25B003F86B8 /* ElListViewController.m in Sources */,
				49FE39D21DB79B7200FD8A99 /* AboutMe.text in Sources */,
				49FE39911DB797E500FD8A99 /* ElBaseViewController.m in Sources */,
				49FE39C81DB79A4C00FD8A99 /* DataBaseManager.m in Sources */,
				49FE39C01DB79A4C00FD8A99 /* NSNumber+Extend.m in Sources */,
				49FE39C71DB79A4C00FD8A99 /* UIView+Frame.m in Sources */,
				49FE39C31DB79A4C00FD8A99 /* NSUserDefaults+Categories.m in Sources */,
				4938CA3B1DC0902E00EFE602 /* ElLiveRequest.m in Sources */,
				49E759981DB8EE3100BDCB3C /* ElNormalListTableViewCell.m in Sources */,
				492709CA1DB9C4B000D6F550 /* ElHotCollectionViewCell.m in Sources */,
				49F2C95E1DB9AAED000589A7 /* ElPersonCharmTableViewCell.m in Sources */,
				49FE39C61DB79A4C00FD8A99 /* UIImage+Categories.m in Sources */,
				49FE39CA1DB79A4C00FD8A99 /* AppStoreUtils.m in Sources */,
				49FE39C51DB79A4C00FD8A99 /* UIColor+Categories.m in Sources */,
				49FE39CB1DB79A4C00FD8A99 /* FileManagerUtils.m in Sources */,
				4916D8561DBEF02700FAFB68 /* ElWatchViewController.m in Sources */,
				49FE39BD1DB79A4C00FD8A99 /* NSDate+Categories.m in Sources */,
				499FBE241DB786CE0015CC1D /* main.m in Sources */,
				49B1EE3F1DB9B8EF005C8B17 /* ElTabBar.m in Sources */,
				49FE3A171DB7A1FE00FD8A99 /* ElHomePageViewController.m in Sources */,
				49CA5A3A1DC03AAC005F2172 /* ElEndViewController.m in Sources */,
				EB70D63D1DBA0756009D9E34 /* ElGiftTableViewCell.m in Sources */,
				EB70D63A1DBA06A1009D9E34 /* ElAlbumCollectionViewCell.m in Sources */,
				4938CA381DC08F9800EFE602 /* ElLiveSession.m in Sources */,
			);
			runOnlyForDeploymentPostprocessing = 0;
		};
/* End PBXSourcesBuildPhase section */

/* Begin PBXVariantGroup section */
		499FBE2B1DB786CE0015CC1D /* Main.storyboard */ = {
			isa = PBXVariantGroup;
			children = (
				499FBE2C1DB786CE0015CC1D /* Base */,
			);
			name = Main.storyboard;
			path = .;
			sourceTree = "<group>";
		};
		499FBE301DB786CE0015CC1D /* LaunchScreen.storyboard */ = {
			isa = PBXVariantGroup;
			children = (
				499FBE311DB786CE0015CC1D /* Base */,
			);
			name = LaunchScreen.storyboard;
			path = .;
			sourceTree = "<group>";
		};
/* End PBXVariantGroup section */

/* Begin XCBuildConfiguration section */
		499FBE341DB786CE0015CC1D /* Debug */ = {
			isa = XCBuildConfiguration;
			buildSettings = {
				ALWAYS_SEARCH_USER_PATHS = NO;
				CLANG_CXX_LANGUAGE_STANDARD = "gnu++0x";
				CLANG_CXX_LIBRARY = "libc++";
				CLANG_ENABLE_MODULES = YES;
				CLANG_ENABLE_OBJC_ARC = YES;
				CLANG_WARN_BOOL_CONVERSION = YES;
				CLANG_WARN_CONSTANT_CONVERSION = YES;
				CLANG_WARN_DIRECT_OBJC_ISA_USAGE = YES_ERROR;
				CLANG_WARN_EMPTY_BODY = YES;
				CLANG_WARN_ENUM_CONVERSION = YES;
				CLANG_WARN_INT_CONVERSION = YES;
				CLANG_WARN_OBJC_ROOT_CLASS = YES_ERROR;
				CLANG_WARN_UNREACHABLE_CODE = YES;
				CLANG_WARN__DUPLICATE_METHOD_MATCH = YES;
				"CODE_SIGN_IDENTITY[sdk=iphoneos*]" = "iPhone Developer";
				COPY_PHASE_STRIP = NO;
				DEBUG_INFORMATION_FORMAT = dwarf;
				ENABLE_STRICT_OBJC_MSGSEND = YES;
				ENABLE_TESTABILITY = YES;
				GCC_C_LANGUAGE_STANDARD = gnu99;
				GCC_DYNAMIC_NO_PIC = NO;
				GCC_NO_COMMON_BLOCKS = YES;
				GCC_OPTIMIZATION_LEVEL = 0;
				GCC_PREPROCESSOR_DEFINITIONS = (
					"DEBUG=1",
					"$(inherited)",
				);
				GCC_WARN_64_TO_32_BIT_CONVERSION = YES;
				GCC_WARN_ABOUT_RETURN_TYPE = YES_ERROR;
				GCC_WARN_UNDECLARED_SELECTOR = YES;
				GCC_WARN_UNINITIALIZED_AUTOS = YES_AGGRESSIVE;
				GCC_WARN_UNUSED_FUNCTION = YES;
				GCC_WARN_UNUSED_VARIABLE = YES;
				IPHONEOS_DEPLOYMENT_TARGET = 9.1;
				MTL_ENABLE_DEBUG_INFO = YES;
				ONLY_ACTIVE_ARCH = YES;
				SDKROOT = iphoneos;
			};
			name = Debug;
		};
		499FBE351DB786CE0015CC1D /* Release */ = {
			isa = XCBuildConfiguration;
			buildSettings = {
				ALWAYS_SEARCH_USER_PATHS = NO;
				CLANG_CXX_LANGUAGE_STANDARD = "gnu++0x";
				CLANG_CXX_LIBRARY = "libc++";
				CLANG_ENABLE_MODULES = YES;
				CLANG_ENABLE_OBJC_ARC = YES;
				CLANG_WARN_BOOL_CONVERSION = YES;
				CLANG_WARN_CONSTANT_CONVERSION = YES;
				CLANG_WARN_DIRECT_OBJC_ISA_USAGE = YES_ERROR;
				CLANG_WARN_EMPTY_BODY = YES;
				CLANG_WARN_ENUM_CONVERSION = YES;
				CLANG_WARN_INT_CONVERSION = YES;
				CLANG_WARN_OBJC_ROOT_CLASS = YES_ERROR;
				CLANG_WARN_UNREACHABLE_CODE = YES;
				CLANG_WARN__DUPLICATE_METHOD_MATCH = YES;
				"CODE_SIGN_IDENTITY[sdk=iphoneos*]" = "iPhone Developer";
				COPY_PHASE_STRIP = NO;
				DEBUG_INFORMATION_FORMAT = "dwarf-with-dsym";
				ENABLE_NS_ASSERTIONS = NO;
				ENABLE_STRICT_OBJC_MSGSEND = YES;
				GCC_C_LANGUAGE_STANDARD = gnu99;
				GCC_NO_COMMON_BLOCKS = YES;
				GCC_WARN_64_TO_32_BIT_CONVERSION = YES;
				GCC_WARN_ABOUT_RETURN_TYPE = YES_ERROR;
				GCC_WARN_UNDECLARED_SELECTOR = YES;
				GCC_WARN_UNINITIALIZED_AUTOS = YES_AGGRESSIVE;
				GCC_WARN_UNUSED_FUNCTION = YES;
				GCC_WARN_UNUSED_VARIABLE = YES;
				IPHONEOS_DEPLOYMENT_TARGET = 9.1;
				MTL_ENABLE_DEBUG_INFO = NO;
				SDKROOT = iphoneos;
				VALIDATE_PRODUCT = YES;
			};
			name = Release;
		};
		499FBE371DB786CE0015CC1D /* Debug */ = {
			isa = XCBuildConfiguration;
			baseConfigurationReference = D89B2F47EF8313096B83FF86 /* Pods-ElephantLiving.debug.xcconfig */;
			buildSettings = {
				ASSETCATALOG_COMPILER_APPICON_NAME = AppIcon;
				CODE_SIGN_IDENTITY = "iPhone Developer";
				"CODE_SIGN_IDENTITY[sdk=iphoneos*]" = "iPhone Developer";
				DEVELOPMENT_TEAM = "";
				FRAMEWORK_SEARCH_PATHS = (
					"$(inherited)",
					"$(PROJECT_DIR)/ElephantLiving/lib",
					"$(PROJECT_DIR)/ElephantLiving/ijkplayerLib/Debug-IJKMediaFramework",
					"$(PROJECT_DIR)/ElephantLiving/ijkplayerLib/Release-IJKMediaFramework",
					"$(PROJECT_DIR)/ElephantLiving/Vendors/ijkplayerLib/Debug-IJKMediaFramework",
					"$(PROJECT_DIR)/ElephantLiving/Vendors/ijkplayerLib/Release-IJKMediaFramework",
				);
				GCC_PREFIX_HEADER = "$(SRCROOT)/ElephantLiving/Supporting Files/ElKit.pch";
				HEADER_SEARCH_PATHS = (
					"$(inherited)",
					"\"${PODS_ROOT}/Headers/Public\"",
					"\"${PODS_ROOT}/Headers/Public/AFNetworking\"",
					"\"${PODS_ROOT}/Headers/Public/CocoaLumberjack\"",
					"\"${PODS_ROOT}/Headers/Public/IJKPlayerLib\"",
					"\"${PODS_ROOT}/Headers/Public/SDiPhoneVersion\"",
				);
				INFOPLIST_FILE = ElephantLiving/Info.plist;
				IPHONEOS_DEPLOYMENT_TARGET = 8.0;
				LD_RUNPATH_SEARCH_PATHS = "$(inherited) @executable_path/Frameworks";
				PRODUCT_BUNDLE_IDENTIFIER = com.kfc.ElephantLiving;
				PRODUCT_NAME = "$(TARGET_NAME)";
				PROVISIONING_PROFILE = "";
				PROVISIONING_PROFILE_SPECIFIER = "";
				TARGETED_DEVICE_FAMILY = 1;
			};
			name = Debug;
		};
		499FBE381DB786CE0015CC1D /* Release */ = {
			isa = XCBuildConfiguration;
			baseConfigurationReference = 4ED348DAA932E1D700311B69 /* Pods-ElephantLiving.release.xcconfig */;
			buildSettings = {
				ASSETCATALOG_COMPILER_APPICON_NAME = AppIcon;
				CODE_SIGN_IDENTITY = "iPhone Developer";
				"CODE_SIGN_IDENTITY[sdk=iphoneos*]" = "iPhone Developer";
				DEVELOPMENT_TEAM = "";
				FRAMEWORK_SEARCH_PATHS = (
					"$(inherited)",
					"$(PROJECT_DIR)/ElephantLiving/lib",
					"$(PROJECT_DIR)/ElephantLiving/ijkplayerLib/Debug-IJKMediaFramework",
					"$(PROJECT_DIR)/ElephantLiving/ijkplayerLib/Release-IJKMediaFramework",
					"$(PROJECT_DIR)/ElephantLiving/Vendors/ijkplayerLib/Debug-IJKMediaFramework",
					"$(PROJECT_DIR)/ElephantLiving/Vendors/ijkplayerLib/Release-IJKMediaFramework",
				);
				GCC_PREFIX_HEADER = "$(SRCROOT)/ElephantLiving/Supporting Files/ElKit.pch";
				HEADER_SEARCH_PATHS = (
					"$(inherited)",
					"\"${PODS_ROOT}/Headers/Public\"",
					"\"${PODS_ROOT}/Headers/Public/AFNetworking\"",
					"\"${PODS_ROOT}/Headers/Public/CocoaLumberjack\"",
					"\"${PODS_ROOT}/Headers/Public/IJKPlayerLib\"",
					"\"${PODS_ROOT}/Headers/Public/SDiPhoneVersion\"",
				);
				INFOPLIST_FILE = ElephantLiving/Info.plist;
				IPHONEOS_DEPLOYMENT_TARGET = 8.0;
				LD_RUNPATH_SEARCH_PATHS = "$(inherited) @executable_path/Frameworks";
				PRODUCT_BUNDLE_IDENTIFIER = com.kfc.ElephantLiving;
				PRODUCT_NAME = "$(TARGET_NAME)";
				PROVISIONING_PROFILE = "";
				PROVISIONING_PROFILE_SPECIFIER = "";
				TARGETED_DEVICE_FAMILY = 1;
			};
			name = Release;
		};
/* End XCBuildConfiguration section */

/* Begin XCConfigurationList section */
		499FBE1A1DB786CE0015CC1D /* Build configuration list for PBXProject "ElephantLiving" */ = {
			isa = XCConfigurationList;
			buildConfigurations = (
				499FBE341DB786CE0015CC1D /* Debug */,
				499FBE351DB786CE0015CC1D /* Release */,
			);
			defaultConfigurationIsVisible = 0;
			defaultConfigurationName = Release;
		};
		499FBE361DB786CE0015CC1D /* Build configuration list for PBXNativeTarget "ElephantLiving" */ = {
			isa = XCConfigurationList;
			buildConfigurations = (
				499FBE371DB786CE0015CC1D /* Debug */,
				499FBE381DB786CE0015CC1D /* Release */,
			);
			defaultConfigurationIsVisible = 0;
			defaultConfigurationName = Release;
		};
/* End XCConfigurationList section */
	};
	rootObject = 499FBE171DB786CE0015CC1D /* Project object */;
}
